
Microsoft Visual Studio Solution File, Format Version 12.00
# Visual Studio Version 17
VisualStudioVersion = 17.1.32328.378
MinimumVisualStudioVersion = 10.0.40219.1
Project("{8BC9CEB8-8B4A-11D0-8D11-00A0C91BC942}") = "ibasicLibrary", "ibasicLibrary\ibasicLibrary.vcxproj", "{C895F020-8B35-4B6E-83AE-E59B7ADD6161}"
EndProject
Project("{8BC9CEB8-8B4A-11D0-8D11-00A0C91BC942}") = "libmath", "lib-src\libmath\libmath.vcxproj", "{ECABC9F2-C0F3-4F1B-AF7F-64014248E954}"
EndProject
Project("{8BC9CEB8-8B4A-11D0-8D11-00A0C91BC942}") = "libIO", "lib-src\libIO\libIO.vcxproj", "{202B02B1-1529-4C7F-B8C6-3277866F9FC6}"
EndProject
Global
	GlobalSection(SolutionConfigurationPlatforms) = preSolution
		Debug|x64 = Debug|x64
		Debug|x86 = Debug|x86
		Release|x64 = Release|x64
		Release|x86 = Release|x86
	EndGlobalSection
	GlobalSection(ProjectConfigurationPlatforms) = postSolution
		{C895F020-8B35-4B6E-83AE-E59B7ADD6161}.Debug|x64.ActiveCfg = Debug|x64
		{C895F020-8B35-4B6E-83AE-E59B7ADD6161}.Debug|x64.Build.0 = Debug|x64
		{C895F020-8B35-4B6E-83AE-E59B7ADD6161}.Debug|x86.ActiveCfg = Debug|Win32
		{C895F020-8B35-4B6E-83AE-E59B7ADD6161}.Debug|x86.Build.0 = Debug|Win32
		{C895F020-8B35-4B6E-83AE-E59B7ADD6161}.Release|x64.ActiveCfg = Release|x64
		{C895F020-8B35-4B6E-83AE-E59B7ADD6161}.Release|x64.Build.0 = Release|x64
		{C895F020-8B35-4B6E-83AE-E59B7ADD6161}.Release|x86.ActiveCfg = Release|Win32
		{C895F020-8B35-4B6E-83AE-E59B7ADD6161}.Release|x86.Build.0 = Release|Win32
		{ECABC9F2-C0F3-4F1B-AF7F-64014248E954}.Debug|x64.ActiveCfg = Debug|x64
		{ECABC9F2-C0F3-4F1B-AF7F-64014248E954}.Debug|x64.Build.0 = Debug|x64
		{ECABC9F2-C0F3-4F1B-AF7F-64014248E954}.Debug|x86.ActiveCfg = Debug|Win32
		{ECABC9F2-C0F3-4F1B-AF7F-64014248E954}.Debug|x86.Build.0 = Debug|Win32
		{ECABC9F2-C0F3-4F1B-AF7F-64014248E954}.Release|x64.ActiveCfg = Release|x64
		{ECABC9F2-C0F3-4F1B-AF7F-64014248E954}.Release|x64.Build.0 = Release|x64
		{ECABC9F2-C0F3-4F1B-AF7F-64014248E954}.Release|x86.ActiveCfg = Release|Win32
		{ECABC9F2-C0F3-4F1B-AF7F-64014248E954}.Release|x86.Build.0 = Release|Win32
		{202B02B1-1529-4C7F-B8C6-3277866F9FC6}.Debug|x64.ActiveCfg = Debug|x64
		{202B02B1-1529-4C7F-B8C6-3277866F9FC6}.Debug|x64.Build.0 = Debug|x64
		{202B02B1-1529-4C7F-B8C6-3277866F9FC6}.Debug|x86.ActiveCfg = Debug|Win32
		{202B02B1-1529-4C7F-B8C6-3277866F9FC6}.Debug|x86.Build.0 = Debug|Win32
		{202B02B1-1529-4C7F-B8C6-3277866F9FC6}.Release|x64.ActiveCfg = Release|x64
		{202B02B1-1529-4C7F-B8C6-3277866F9FC6}.Release|x64.Build.0 = Release|x64
		{202B02B1-1529-4C7F-B8C6-3277866F9FC6}.Release|x86.ActiveCfg = Release|Win32
		{202B02B1-1529-4C7F-B8C6-3277866F9FC6}.Release|x86.Build.0 = Release|Win32
	EndGlobalSection
	GlobalSection(SolutionProperties) = preSolution
		HideSolutionNode = FALSE
	EndGlobalSection
	GlobalSection(ExtensibilityGlobals) = postSolution
		SolutionGuid = {432991BE-9C27-4E64-9BEA-91326B19879C}
	EndGlobalSection
EndGlobal
