
Microsoft Visual Studio Solution File, Format Version 12.00
# Visual Studio Version 17
VisualStudioVersion = 17.1.32328.378
MinimumVisualStudioVersion = 10.0.40219.1
Project("{8BC9CEB8-8B4A-11D0-8D11-00A0C91BC942}") = "ibasicLibrary", "ibasicLibrary\ibasicLibrary.vcxproj", "{C895F020-8B35-4B6E-83AE-E59B7ADD6161}"
EndProject
Project("{8BC9CEB8-8B4A-11D0-8D11-00A0C91BC942}") = "libmath", "lib-src\libmath\libmath.vcxproj", "{ECABC9F2-C0F3-4F1B-AF7F-64014248E954}"
EndProject
Project("{8BC9CEB8-8B4A-11D0-8D11-00A0C91BC942}") = "libIO", "lib-src\libIO\libIO.vcxproj", "{202B02B1-1529-4C7F-B8C6-3277866F9FC6}"
EndProject
Project("{8BC9CEB8-8B4A-11D0-8D11-00A0C91BC942}") = "libMessageBox", "lib-src\libMessageBox\libMessageBox.vcxproj", "{3F159FB4-506B-460B-B048-1609D149336C}"
EndProject
Project("{2150E333-8FDC-42A3-9474-1A3956D46DE8}") = "iBasic", "iBasic", "{3249D73D-2B5B-442F-8E4F-53BE67104AFE}"
EndProject
Project("{2150E333-8FDC-42A3-9474-1A3956D46DE8}") = "basicLibrary", "basicLibrary", "{D92F9E47-C9AF-40BC-99DF-6DC906F6E988}"
EndProject
Project("{2150E333-8FDC-42A3-9474-1A3956D46DE8}") = "lib", "lib", "{C30D56E0-C9C9-4E59-95A0-2A2BB7098E08}"
EndProject
Project("{8BC9CEB8-8B4A-11D0-8D11-00A0C91BC942}") = "libProcess", "lib-src\libProcess\libProcess.vcxproj", "{CC24E4C9-4994-4CF5-8E51-DC4C69D54B15}"
EndProject
Project("{8BC9CEB8-8B4A-11D0-8D11-00A0C91BC942}") = "libDbg", "lib-src\libDbg\libDbg.vcxproj", "{F3FA7CE1-64FD-41C6-9226-41F42CFDBF99}"
EndProject
Project("{8BC9CEB8-8B4A-11D0-8D11-00A0C91BC942}") = "libNet", "lib-src\libNet\libNet.vcxproj", "{BF413C47-64D3-44D6-A864-486433F0BCB6}"
EndProject
Project("{8BC9CEB8-8B4A-11D0-8D11-00A0C91BC942}") = "libCode", "lib-src\libCode\libCode.vcxproj", "{83CFA5E1-EDF5-46D8-A8E3-A42DB6D12E08}"
EndProject
Global
	GlobalSection(SolutionConfigurationPlatforms) = preSolution
		Debug|x64 = Debug|x64
		Debug|x86 = Debug|x86
		Release|x64 = Release|x64
		Release|x86 = Release|x86
	EndGlobalSection
	GlobalSection(ProjectConfigurationPlatforms) = postSolution
		{C895F020-8B35-4B6E-83AE-E59B7ADD6161}.Debug|x64.ActiveCfg = Debug|x64
		{C895F020-8B35-4B6E-83AE-E59B7ADD6161}.Debug|x64.Build.0 = Debug|x64
		{C895F020-8B35-4B6E-83AE-E59B7ADD6161}.Debug|x86.ActiveCfg = Debug|Win32
		{C895F020-8B35-4B6E-83AE-E59B7ADD6161}.Debug|x86.Build.0 = Debug|Win32
		{C895F020-8B35-4B6E-83AE-E59B7ADD6161}.Release|x64.ActiveCfg = Release|x64
		{C895F020-8B35-4B6E-83AE-E59B7ADD6161}.Release|x64.Build.0 = Release|x64
		{C895F020-8B35-4B6E-83AE-E59B7ADD6161}.Release|x86.ActiveCfg = Release|Win32
		{C895F020-8B35-4B6E-83AE-E59B7ADD6161}.Release|x86.Build.0 = Release|Win32
		{ECABC9F2-C0F3-4F1B-AF7F-64014248E954}.Debug|x64.ActiveCfg = Debug|x64
		{ECABC9F2-C0F3-4F1B-AF7F-64014248E954}.Debug|x64.Build.0 = Debug|x64
		{ECABC9F2-C0F3-4F1B-AF7F-64014248E954}.Debug|x86.ActiveCfg = Debug|Win32
		{ECABC9F2-C0F3-4F1B-AF7F-64014248E954}.Debug|x86.Build.0 = Debug|Win32
		{ECABC9F2-C0F3-4F1B-AF7F-64014248E954}.Release|x64.ActiveCfg = Release|x64
		{ECABC9F2-C0F3-4F1B-AF7F-64014248E954}.Release|x64.Build.0 = Release|x64
		{ECABC9F2-C0F3-4F1B-AF7F-64014248E954}.Release|x86.ActiveCfg = Release|Win32
		{ECABC9F2-C0F3-4F1B-AF7F-64014248E954}.Release|x86.Build.0 = Release|Win32
		{202B02B1-1529-4C7F-B8C6-3277866F9FC6}.Debug|x64.ActiveCfg = Debug|x64
		{202B02B1-1529-4C7F-B8C6-3277866F9FC6}.Debug|x64.Build.0 = Debug|x64
		{202B02B1-1529-4C7F-B8C6-3277866F9FC6}.Debug|x86.ActiveCfg = Debug|Win32
		{202B02B1-1529-4C7F-B8C6-3277866F9FC6}.Debug|x86.Build.0 = Debug|Win32
		{202B02B1-1529-4C7F-B8C6-3277866F9FC6}.Release|x64.ActiveCfg = Release|x64
		{202B02B1-1529-4C7F-B8C6-3277866F9FC6}.Release|x64.Build.0 = Release|x64
		{202B02B1-1529-4C7F-B8C6-3277866F9FC6}.Release|x86.ActiveCfg = Release|Win32
		{202B02B1-1529-4C7F-B8C6-3277866F9FC6}.Release|x86.Build.0 = Release|Win32
		{3F159FB4-506B-460B-B048-1609D149336C}.Debug|x64.ActiveCfg = Debug|x64
		{3F159FB4-506B-460B-B048-1609D149336C}.Debug|x64.Build.0 = Debug|x64
		{3F159FB4-506B-460B-B048-1609D149336C}.Debug|x86.ActiveCfg = Debug|Win32
		{3F159FB4-506B-460B-B048-1609D149336C}.Debug|x86.Build.0 = Debug|Win32
		{3F159FB4-506B-460B-B048-1609D149336C}.Release|x64.ActiveCfg = Release|x64
		{3F159FB4-506B-460B-B048-1609D149336C}.Release|x64.Build.0 = Release|x64
		{3F159FB4-506B-460B-B048-1609D149336C}.Release|x86.ActiveCfg = Release|Win32
		{3F159FB4-506B-460B-B048-1609D149336C}.Release|x86.Build.0 = Release|Win32
		{CC24E4C9-4994-4CF5-8E51-DC4C69D54B15}.Debug|x64.ActiveCfg = Debug|x64
		{CC24E4C9-4994-4CF5-8E51-DC4C69D54B15}.Debug|x64.Build.0 = Debug|x64
		{CC24E4C9-4994-4CF5-8E51-DC4C69D54B15}.Debug|x86.ActiveCfg = Debug|Win32
		{CC24E4C9-4994-4CF5-8E51-DC4C69D54B15}.Debug|x86.Build.0 = Debug|Win32
		{CC24E4C9-4994-4CF5-8E51-DC4C69D54B15}.Release|x64.ActiveCfg = Release|x64
		{CC24E4C9-4994-4CF5-8E51-DC4C69D54B15}.Release|x64.Build.0 = Release|x64
		{CC24E4C9-4994-4CF5-8E51-DC4C69D54B15}.Release|x86.ActiveCfg = Release|Win32
		{CC24E4C9-4994-4CF5-8E51-DC4C69D54B15}.Release|x86.Build.0 = Release|Win32
		{F3FA7CE1-64FD-41C6-9226-41F42CFDBF99}.Debug|x64.ActiveCfg = Debug|x64
		{F3FA7CE1-64FD-41C6-9226-41F42CFDBF99}.Debug|x64.Build.0 = Debug|x64
		{F3FA7CE1-64FD-41C6-9226-41F42CFDBF99}.Debug|x86.ActiveCfg = Debug|Win32
		{F3FA7CE1-64FD-41C6-9226-41F42CFDBF99}.Debug|x86.Build.0 = Debug|Win32
		{F3FA7CE1-64FD-41C6-9226-41F42CFDBF99}.Release|x64.ActiveCfg = Release|x64
		{F3FA7CE1-64FD-41C6-9226-41F42CFDBF99}.Release|x64.Build.0 = Release|x64
		{F3FA7CE1-64FD-41C6-9226-41F42CFDBF99}.Release|x86.ActiveCfg = Release|Win32
		{F3FA7CE1-64FD-41C6-9226-41F42CFDBF99}.Release|x86.Build.0 = Release|Win32
		{BF413C47-64D3-44D6-A864-486433F0BCB6}.Debug|x64.ActiveCfg = Debug|x64
		{BF413C47-64D3-44D6-A864-486433F0BCB6}.Debug|x64.Build.0 = Debug|x64
		{BF413C47-64D3-44D6-A864-486433F0BCB6}.Debug|x86.ActiveCfg = Debug|Win32
		{BF413C47-64D3-44D6-A864-486433F0BCB6}.Debug|x86.Build.0 = Debug|Win32
		{BF413C47-64D3-44D6-A864-486433F0BCB6}.Release|x64.ActiveCfg = Release|x64
		{BF413C47-64D3-44D6-A864-486433F0BCB6}.Release|x64.Build.0 = Release|x64
		{BF413C47-64D3-44D6-A864-486433F0BCB6}.Release|x86.ActiveCfg = Release|Win32
		{BF413C47-64D3-44D6-A864-486433F0BCB6}.Release|x86.Build.0 = Release|Win32
		{83CFA5E1-EDF5-46D8-A8E3-A42DB6D12E08}.Debug|x64.ActiveCfg = Debug|x64
		{83CFA5E1-EDF5-46D8-A8E3-A42DB6D12E08}.Debug|x64.Build.0 = Debug|x64
		{83CFA5E1-EDF5-46D8-A8E3-A42DB6D12E08}.Debug|x86.ActiveCfg = Debug|Win32
		{83CFA5E1-EDF5-46D8-A8E3-A42DB6D12E08}.Debug|x86.Build.0 = Debug|Win32
		{83CFA5E1-EDF5-46D8-A8E3-A42DB6D12E08}.Release|x64.ActiveCfg = Release|x64
		{83CFA5E1-EDF5-46D8-A8E3-A42DB6D12E08}.Release|x64.Build.0 = Release|x64
		{83CFA5E1-EDF5-46D8-A8E3-A42DB6D12E08}.Release|x86.ActiveCfg = Release|Win32
		{83CFA5E1-EDF5-46D8-A8E3-A42DB6D12E08}.Release|x86.Build.0 = Release|Win32
	EndGlobalSection
	GlobalSection(SolutionProperties) = preSolution
		HideSolutionNode = FALSE
	EndGlobalSection
	GlobalSection(NestedProjects) = preSolution
		{C895F020-8B35-4B6E-83AE-E59B7ADD6161} = {D92F9E47-C9AF-40BC-99DF-6DC906F6E988}
		{ECABC9F2-C0F3-4F1B-AF7F-64014248E954} = {C30D56E0-C9C9-4E59-95A0-2A2BB7098E08}
		{202B02B1-1529-4C7F-B8C6-3277866F9FC6} = {C30D56E0-C9C9-4E59-95A0-2A2BB7098E08}
		{3F159FB4-506B-460B-B048-1609D149336C} = {C30D56E0-C9C9-4E59-95A0-2A2BB7098E08}
		{D92F9E47-C9AF-40BC-99DF-6DC906F6E988} = {3249D73D-2B5B-442F-8E4F-53BE67104AFE}
		{C30D56E0-C9C9-4E59-95A0-2A2BB7098E08} = {3249D73D-2B5B-442F-8E4F-53BE67104AFE}
		{CC24E4C9-4994-4CF5-8E51-DC4C69D54B15} = {C30D56E0-C9C9-4E59-95A0-2A2BB7098E08}
		{F3FA7CE1-64FD-41C6-9226-41F42CFDBF99} = {C30D56E0-C9C9-4E59-95A0-2A2BB7098E08}
		{BF413C47-64D3-44D6-A864-486433F0BCB6} = {C30D56E0-C9C9-4E59-95A0-2A2BB7098E08}
		{83CFA5E1-EDF5-46D8-A8E3-A42DB6D12E08} = {C30D56E0-C9C9-4E59-95A0-2A2BB7098E08}
	EndGlobalSection
	GlobalSection(ExtensibilityGlobals) = postSolution
		SolutionGuid = {432991BE-9C27-4E64-9BEA-91326B19879C}
	EndGlobalSection
EndGlobal
