<?xml version="1.0" encoding="utf-8"?>
<Project ToolsVersion="4.0" xmlns="http://schemas.microsoft.com/developer/msbuild/2003">
  <ItemGroup>
    <Filter Include="include">
      <UniqueIdentifier>{93995380-89BD-4b04-88EB-625FBE52EBFB}</UniqueIdentifier>
      <Extensions>h;hh;hpp;hxx;h++;hm;inl;inc;ipp;xsd</Extensions>
    </Filter>
    <Filter Include="test">
      <UniqueIdentifier>{4FC737F1-C7A5-4376-A066-2A32D752A2FF}</UniqueIdentifier>
      <Extensions>cpp;c;cc;cxx;c++;cppm;ixx;def;odl;idl;hpj;bat;asm;asmx</Extensions>
    </Filter>
    <Filter Include="resource">
      <UniqueIdentifier>{67DA6AB6-F800-4c08-8B7A-83BB121AAD01}</UniqueIdentifier>
      <Extensions>rc;ico;cur;bmp;dlg;rc2;rct;bin;rgs;gif;jpg;jpeg;jpe;resx;tiff;tif;png;wav;mfcribbon-ms</Extensions>
    </Filter>
    <Filter Include="docs">
      <UniqueIdentifier>{b537703f-5e6c-4303-b8c5-b563eae3e230}</UniqueIdentifier>
    </Filter>
    <Filter Include="lib-src">
      <UniqueIdentifier>{2c248049-10a5-4a6a-aaad-cc6560619441}</UniqueIdentifier>
    </Filter>
    <Filter Include="other">
      <UniqueIdentifier>{130e958a-558d-43a1-adb8-d0713fd388fc}</UniqueIdentifier>
    </Filter>
    <Filter Include="tools">
      <UniqueIdentifier>{ddd9da03-4abc-4497-98bf-6b38d937a767}</UniqueIdentifier>
    </Filter>
    <Filter Include="build">
      <UniqueIdentifier>{2367b554-8b8f-41bf-a6f1-d68384f341f3}</UniqueIdentifier>
    </Filter>
    <Filter Include="third-party">
      <UniqueIdentifier>{d6f92415-320b-444e-8de5-35ad2897b9b5}</UniqueIdentifier>
    </Filter>
    <Filter Include="include\icore">
      <UniqueIdentifier>{a50de011-c66d-470b-bd92-dea87ec7fab4}</UniqueIdentifier>
    </Filter>
    <Filter Include="include\icore\family">
      <UniqueIdentifier>{0f93c4f4-07e1-49d7-82f3-758568e7801b}</UniqueIdentifier>
    </Filter>
    <Filter Include="include\icore\type">
      <UniqueIdentifier>{9f658ca5-0a61-44fe-8049-10cbe4e939d8}</UniqueIdentifier>
    </Filter>
    <Filter Include="include\icore\type\basic">
      <UniqueIdentifier>{c8df3e30-c56d-4316-b648-685b2396d90b}</UniqueIdentifier>
    </Filter>
    <Filter Include="include\icore\type\type">
      <UniqueIdentifier>{bd80c216-546d-4470-bd94-bac746603be9}</UniqueIdentifier>
    </Filter>
    <Filter Include="include\icore\algorithm">
      <UniqueIdentifier>{c3269462-31f9-4162-b049-6557be462562}</UniqueIdentifier>
    </Filter>
    <Filter Include="include\icore\type\basic\basic">
      <UniqueIdentifier>{adf5a426-2904-45cd-a787-8a419f10f52f}</UniqueIdentifier>
    </Filter>
    <Filter Include="include\icore\exception">
      <UniqueIdentifier>{55604364-b858-48b4-bf79-ecc0e33e5d06}</UniqueIdentifier>
    </Filter>
    <Filter Include="third-party\nlohmann">
      <UniqueIdentifier>{456b3dcd-d44d-488a-b592-5530be515432}</UniqueIdentifier>
    </Filter>
    <Filter Include="third-party\detours">
      <UniqueIdentifier>{53ec2830-c71f-46c0-aebd-4cc7ce2f7f2d}</UniqueIdentifier>
    </Filter>
    <Filter Include="third-party\detours\lib">
      <UniqueIdentifier>{640e5c1b-27f9-43e4-bc4f-595b52be44bd}</UniqueIdentifier>
    </Filter>
    <Filter Include="third-party\nlohmann\detail">
      <UniqueIdentifier>{0917f9a5-0283-4f29-a1ca-a2056ac86fda}</UniqueIdentifier>
    </Filter>
    <Filter Include="third-party\nlohmann\detail\conversions">
      <UniqueIdentifier>{120f4a0e-dc16-4681-a1cd-1415b76fd9d8}</UniqueIdentifier>
    </Filter>
    <Filter Include="third-party\nlohmann\detail\input">
      <UniqueIdentifier>{3d700090-5a19-49b1-85f0-e5642685684b}</UniqueIdentifier>
    </Filter>
    <Filter Include="third-party\nlohmann\detail\iterators">
      <UniqueIdentifier>{c664bfd9-b037-4f23-bd4c-0cdd3ba05ec5}</UniqueIdentifier>
    </Filter>
    <Filter Include="third-party\nlohmann\detail\meta">
      <UniqueIdentifier>{a10292dc-c6ba-499a-8e6e-fd5e1eca7bc1}</UniqueIdentifier>
    </Filter>
    <Filter Include="third-party\nlohmann\detail\meta\call_std">
      <UniqueIdentifier>{d2ac984f-ff81-4e5c-8ea4-fc68247cbd7f}</UniqueIdentifier>
    </Filter>
    <Filter Include="third-party\nlohmann\detail\output">
      <UniqueIdentifier>{a67a029a-81aa-415e-ad2c-fbe547a5efe4}</UniqueIdentifier>
    </Filter>
    <Filter Include="include\cppstd">
      <UniqueIdentifier>{4071ab6c-51df-4508-aa5b-9cd682bf1c16}</UniqueIdentifier>
    </Filter>
    <Filter Include="include\icore\lib">
      <UniqueIdentifier>{6ea9162e-02ce-4f0c-9ffb-e5a34e13d188}</UniqueIdentifier>
    </Filter>
    <Filter Include="include\icore\lib\libIO">
      <UniqueIdentifier>{448151e4-939f-4279-a792-b25b64b345e6}</UniqueIdentifier>
    </Filter>
    <Filter Include="include\icore\lib\libmath">
      <UniqueIdentifier>{4f1c6938-e106-4234-8b8d-2fd1deb5e9a9}</UniqueIdentifier>
    </Filter>
    <Filter Include="include\icore\lib\libMessageBox">
      <UniqueIdentifier>{38c9d0e5-eacb-476e-995f-0f2a5b851a22}</UniqueIdentifier>
    </Filter>
    <Filter Include="include\icore\lib\libProcess">
      <UniqueIdentifier>{80fb0bb3-5b5e-46d7-ad6b-af2187fb8ac9}</UniqueIdentifier>
    </Filter>
    <Filter Include="include\cppstd\cliext">
      <UniqueIdentifier>{ba3dbb15-5597-49b9-97a2-05e385c60855}</UniqueIdentifier>
    </Filter>
    <Filter Include="include\cppstd\CodeAnalysis">
      <UniqueIdentifier>{a1d696e3-362d-4778-b18d-0e2824e49935}</UniqueIdentifier>
    </Filter>
    <Filter Include="include\cppstd\cvt">
      <UniqueIdentifier>{835f26c7-a909-4403-91e6-ffc75d945788}</UniqueIdentifier>
    </Filter>
    <Filter Include="include\cppstd\experimental">
      <UniqueIdentifier>{a14e35e8-b3b9-4a5f-a132-dc981b5f25aa}</UniqueIdentifier>
    </Filter>
    <Filter Include="include\cppstd\msclr">
      <UniqueIdentifier>{65591d2a-6d87-4a16-8fef-04d63366f218}</UniqueIdentifier>
    </Filter>
    <Filter Include="include\cppstd\msclr\com">
      <UniqueIdentifier>{b7b3a90b-e48e-4ced-8c8f-c097fd15b5fb}</UniqueIdentifier>
    </Filter>
    <Filter Include="include\icore\lib\libTime">
      <UniqueIdentifier>{7b31138c-921a-4d41-8d9b-0799e0e2b7fb}</UniqueIdentifier>
    </Filter>
    <Filter Include="include\icore\lib\linDbg">
      <UniqueIdentifier>{48310852-3ff2-4ab7-8736-0388712e5fee}</UniqueIdentifier>
    </Filter>
    <Filter Include="include\icore\lib\libNet">
      <UniqueIdentifier>{2ee77632-a490-4c89-99ae-5e2696a99ec3}</UniqueIdentifier>
    </Filter>
    <Filter Include="include\icore\lib\libCode">
      <UniqueIdentifier>{d4d0fa0e-8c63-42f1-a8fa-ec7312522984}</UniqueIdentifier>
    </Filter>
  </ItemGroup>
  <ItemGroup>
    <ClCompile Include="ibasicLibrary.cpp">
      <Filter>test</Filter>
    </ClCompile>
  </ItemGroup>
  <ItemGroup>
    <Text Include="..\docs\filelist.txt">
      <Filter>docs</Filter>
    </Text>
    <Text Include="..\lib-src\filelist.txt">
      <Filter>lib-src</Filter>
    </Text>
    <Text Include="..\build\filelist.txt">
      <Filter>build</Filter>
    </Text>
    <Text Include="..\tools\filelist.txt">
      <Filter>tools</Filter>
    </Text>
    <Text Include="..\other\filelist.txt">
      <Filter>other</Filter>
    </Text>
    <Text Include="..\resource\filelist.txt">
      <Filter>resource</Filter>
    </Text>
  </ItemGroup>
  <ItemGroup>
    <ClInclude Include="..\include\icore\family\imacrofamily.h">
      <Filter>include\icore\family</Filter>
    </ClInclude>
    <ClInclude Include="..\include\icore\type\basic\number.hpp">
      <Filter>include\icore\type\basic</Filter>
    </ClInclude>
    <ClInclude Include="..\include\icore\type\type\type_traits.hpp">
      <Filter>include\icore\type\type</Filter>
    </ClInclude>
    <ClInclude Include="..\include\icore\type\basic\numberArray.hpp">
      <Filter>include\icore\type\basic</Filter>
    </ClInclude>
    <ClInclude Include="..\include\icore\type\basic\basic\basic_number_type.hpp">
      <Filter>include\icore\type\basic\basic</Filter>
    </ClInclude>
    <ClInclude Include="..\include\icore\type\basic\basic\ibasic.hpp">
      <Filter>include\icore\type\basic\basic</Filter>
    </ClInclude>
    <ClInclude Include="..\include\icore\type\type\type.hpp">
      <Filter>include\icore\type\type</Filter>
    </ClInclude>
    <ClInclude Include="..\include\icore\type\type\concepts.hpp">
      <Filter>include\icore\type\type</Filter>
    </ClInclude>
    <ClInclude Include="..\include\icore\exception\exception.hpp">
      <Filter>include\icore\exception</Filter>
    </ClInclude>
    <ClInclude Include="..\include\icore\type\basic\istring.hpp">
      <Filter>include\icore\type\basic</Filter>
    </ClInclude>
    <ClInclude Include="..\third-party\nlohmann\json.hpp">
      <Filter>third-party\nlohmann</Filter>
    </ClInclude>
    <ClInclude Include="..\include\icore\exception\error.hpp">
      <Filter>include\icore\exception</Filter>
    </ClInclude>
    <ClInclude Include="..\include\icore\exception\errorcode.hpp">
      <Filter>include\icore\exception</Filter>
    </ClInclude>
    <ClInclude Include="..\include\icore\type\filepos.hpp">
      <Filter>include\icore\type</Filter>
    </ClInclude>
    <ClInclude Include="..\include\icore\type\level.hpp">
      <Filter>include\icore\type</Filter>
    </ClInclude>
    <ClInclude Include="..\include\icore\type\basic\basic\position.hpp">
      <Filter>include\icore\type\basic\basic</Filter>
    </ClInclude>
    <ClInclude Include="..\third-party\detours\detours.h">
      <Filter>third-party\detours</Filter>
    </ClInclude>
    <ClInclude Include="..\third-party\detours\detver.h">
      <Filter>third-party\detours</Filter>
    </ClInclude>
    <ClInclude Include="..\third-party\detours\syelog.h">
      <Filter>third-party\detours</Filter>
    </ClInclude>
    <ClInclude Include="..\third-party\nlohmann\adl_serializer.hpp">
      <Filter>third-party\nlohmann</Filter>
    </ClInclude>
    <ClInclude Include="..\third-party\nlohmann\byte_container_with_subtype.hpp">
      <Filter>third-party\nlohmann</Filter>
    </ClInclude>
    <ClInclude Include="..\third-party\nlohmann\json_fwd.hpp">
      <Filter>third-party\nlohmann</Filter>
    </ClInclude>
    <ClInclude Include="..\third-party\nlohmann\ordered_map.hpp">
      <Filter>third-party\nlohmann</Filter>
    </ClInclude>
    <ClInclude Include="..\third-party\nlohmann\detail\exceptions.hpp">
      <Filter>third-party\nlohmann\detail</Filter>
    </ClInclude>
    <ClInclude Include="..\third-party\nlohmann\detail\hash.hpp">
      <Filter>third-party\nlohmann\detail</Filter>
    </ClInclude>
    <ClInclude Include="..\third-party\nlohmann\detail\json_pointer.hpp">
      <Filter>third-party\nlohmann\detail</Filter>
    </ClInclude>
    <ClInclude Include="..\third-party\nlohmann\detail\json_ref.hpp">
      <Filter>third-party\nlohmann\detail</Filter>
    </ClInclude>
    <ClInclude Include="..\third-party\nlohmann\detail\macro_scope.hpp">
      <Filter>third-party\nlohmann\detail</Filter>
    </ClInclude>
    <ClInclude Include="..\third-party\nlohmann\detail\macro_unscope.hpp">
      <Filter>third-party\nlohmann\detail</Filter>
    </ClInclude>
    <ClInclude Include="..\third-party\nlohmann\detail\string_escape.hpp">
      <Filter>third-party\nlohmann\detail</Filter>
    </ClInclude>
    <ClInclude Include="..\third-party\nlohmann\detail\value_t.hpp">
      <Filter>third-party\nlohmann\detail</Filter>
    </ClInclude>
    <ClInclude Include="..\third-party\nlohmann\detail\conversions\from_json.hpp">
      <Filter>third-party\nlohmann\detail\conversions</Filter>
    </ClInclude>
    <ClInclude Include="..\third-party\nlohmann\detail\conversions\to_chars.hpp">
      <Filter>third-party\nlohmann\detail\conversions</Filter>
    </ClInclude>
    <ClInclude Include="..\third-party\nlohmann\detail\conversions\to_json.hpp">
      <Filter>third-party\nlohmann\detail\conversions</Filter>
    </ClInclude>
    <ClInclude Include="..\third-party\nlohmann\detail\input\binary_reader.hpp">
      <Filter>third-party\nlohmann\detail\input</Filter>
    </ClInclude>
    <ClInclude Include="..\third-party\nlohmann\detail\input\input_adapters.hpp">
      <Filter>third-party\nlohmann\detail\input</Filter>
    </ClInclude>
    <ClInclude Include="..\third-party\nlohmann\detail\input\json_sax.hpp">
      <Filter>third-party\nlohmann\detail\input</Filter>
    </ClInclude>
    <ClInclude Include="..\third-party\nlohmann\detail\input\lexer.hpp">
      <Filter>third-party\nlohmann\detail\input</Filter>
    </ClInclude>
    <ClInclude Include="..\third-party\nlohmann\detail\input\parser.hpp">
      <Filter>third-party\nlohmann\detail\input</Filter>
    </ClInclude>
    <ClInclude Include="..\third-party\nlohmann\detail\input\position_t.hpp">
      <Filter>third-party\nlohmann\detail\input</Filter>
    </ClInclude>
    <ClInclude Include="..\third-party\nlohmann\detail\iterators\internal_iterator.hpp">
      <Filter>third-party\nlohmann\detail\iterators</Filter>
    </ClInclude>
    <ClInclude Include="..\third-party\nlohmann\detail\iterators\iter_impl.hpp">
      <Filter>third-party\nlohmann\detail\iterators</Filter>
    </ClInclude>
    <ClInclude Include="..\third-party\nlohmann\detail\iterators\iteration_proxy.hpp">
      <Filter>third-party\nlohmann\detail\iterators</Filter>
    </ClInclude>
    <ClInclude Include="..\third-party\nlohmann\detail\iterators\iterator_traits.hpp">
      <Filter>third-party\nlohmann\detail\iterators</Filter>
    </ClInclude>
    <ClInclude Include="..\third-party\nlohmann\detail\iterators\json_reverse_iterator.hpp">
      <Filter>third-party\nlohmann\detail\iterators</Filter>
    </ClInclude>
    <ClInclude Include="..\third-party\nlohmann\detail\iterators\primitive_iterator.hpp">
      <Filter>third-party\nlohmann\detail\iterators</Filter>
    </ClInclude>
    <ClInclude Include="..\third-party\nlohmann\detail\meta\cpp_future.hpp">
      <Filter>third-party\nlohmann\detail\meta</Filter>
    </ClInclude>
    <ClInclude Include="..\third-party\nlohmann\detail\meta\detected.hpp">
      <Filter>third-party\nlohmann\detail\meta</Filter>
    </ClInclude>
    <ClInclude Include="..\third-party\nlohmann\detail\meta\identity_tag.hpp">
      <Filter>third-party\nlohmann\detail\meta</Filter>
    </ClInclude>
    <ClInclude Include="..\third-party\nlohmann\detail\meta\is_sax.hpp">
      <Filter>third-party\nlohmann\detail\meta</Filter>
    </ClInclude>
    <ClInclude Include="..\third-party\nlohmann\detail\meta\type_traits.hpp">
      <Filter>third-party\nlohmann\detail\meta</Filter>
    </ClInclude>
    <ClInclude Include="..\third-party\nlohmann\detail\meta\void_t.hpp">
      <Filter>third-party\nlohmann\detail\meta</Filter>
    </ClInclude>
    <ClInclude Include="..\third-party\nlohmann\detail\meta\call_std\begin.hpp">
      <Filter>third-party\nlohmann\detail\meta\call_std</Filter>
    </ClInclude>
    <ClInclude Include="..\third-party\nlohmann\detail\meta\call_std\end.hpp">
      <Filter>third-party\nlohmann\detail\meta\call_std</Filter>
    </ClInclude>
    <ClInclude Include="..\third-party\nlohmann\detail\output\binary_writer.hpp">
      <Filter>third-party\nlohmann\detail\output</Filter>
    </ClInclude>
    <ClInclude Include="..\third-party\nlohmann\detail\output\output_adapters.hpp">
      <Filter>third-party\nlohmann\detail\output</Filter>
    </ClInclude>
    <ClInclude Include="..\third-party\nlohmann\detail\output\serializer.hpp">
      <Filter>third-party\nlohmann\detail\output</Filter>
    </ClInclude>
    <ClInclude Include="..\include\icore\family\ifamily.hpp">
      <Filter>include\icore\family</Filter>
    </ClInclude>
    <ClInclude Include="..\include\icore\type\istring.hpp">
      <Filter>include\icore\type</Filter>
    </ClInclude>
    <ClInclude Include="..\include\icore\lib\libIO\io.h">
      <Filter>include\icore\lib\libIO</Filter>
    </ClInclude>
    <ClInclude Include="..\include\icore\lib\libmath\math.h">
      <Filter>include\icore\lib\libmath</Filter>
    </ClInclude>
    <ClInclude Include="..\include\icore\lib\libmath\rect.hpp">
      <Filter>include\icore\lib\libmath</Filter>
    </ClInclude>
    <ClInclude Include="..\include\icore\lib\libmath\vec2.hpp">
      <Filter>include\icore\lib\libmath</Filter>
    </ClInclude>
    <ClInclude Include="..\include\icore\lib\libmath\vec3.hpp">
      <Filter>include\icore\lib\libmath</Filter>
    </ClInclude>
    <ClInclude Include="..\include\icore\lib\libmath\vec4.hpp">
      <Filter>include\icore\lib\libmath</Filter>
    </ClInclude>
    <ClInclude Include="..\include\icore\lib\libProcess\process.h">
      <Filter>include\icore\lib\libProcess</Filter>
    </ClInclude>
    <ClInclude Include="..\include\icore\lib\libIO\file.h">
      <Filter>include\icore\lib\libIO</Filter>
    </ClInclude>
    <ClInclude Include="..\include\icore\lib\libIO\console.h">
      <Filter>include\icore\lib\libIO</Filter>
    </ClInclude>
    <ClInclude Include="..\include\cppstd\agents.h">
      <Filter>include\cppstd</Filter>
    </ClInclude>
    <ClInclude Include="..\include\cppstd\agile.h">
      <Filter>include\cppstd</Filter>
    </ClInclude>
    <ClInclude Include="..\include\cppstd\ammintrin.h">
      <Filter>include\cppstd</Filter>
    </ClInclude>
    <ClInclude Include="..\include\cppstd\amp.h">
      <Filter>include\cppstd</Filter>
    </ClInclude>
    <ClInclude Include="..\include\cppstd\amp_graphics.h">
      <Filter>include\cppstd</Filter>
    </ClInclude>
    <ClInclude Include="..\include\cppstd\amp_math.h">
      <Filter>include\cppstd</Filter>
    </ClInclude>
    <ClInclude Include="..\include\cppstd\amp_short_vectors.h">
      <Filter>include\cppstd</Filter>
    </ClInclude>
    <ClInclude Include="..\include\cppstd\amprt.h">
      <Filter>include\cppstd</Filter>
    </ClInclude>
    <ClInclude Include="..\include\cppstd\amprt_exceptions.h">
      <Filter>include\cppstd</Filter>
    </ClInclude>
    <ClInclude Include="..\include\cppstd\arm_neon.h">
      <Filter>include\cppstd</Filter>
    </ClInclude>
    <ClInclude Include="..\include\cppstd\arm64_neon.h">
      <Filter>include\cppstd</Filter>
    </ClInclude>
    <ClInclude Include="..\include\cppstd\arm64intr.h">
      <Filter>include\cppstd</Filter>
    </ClInclude>
    <ClInclude Include="..\include\cppstd\armintr.h">
      <Filter>include\cppstd</Filter>
    </ClInclude>
    <ClInclude Include="..\include\cppstd\cfguard.h">
      <Filter>include\cppstd</Filter>
    </ClInclude>
    <ClInclude Include="..\include\cppstd\collection.h">
      <Filter>include\cppstd</Filter>
    </ClInclude>
    <ClInclude Include="..\include\cppstd\comdef.h">
      <Filter>include\cppstd</Filter>
    </ClInclude>
    <ClInclude Include="..\include\cppstd\comdefsp.h">
      <Filter>include\cppstd</Filter>
    </ClInclude>
    <ClInclude Include="..\include\cppstd\comip.h">
      <Filter>include\cppstd</Filter>
    </ClInclude>
    <ClInclude Include="..\include\cppstd\comutil.h">
      <Filter>include\cppstd</Filter>
    </ClInclude>
    <ClInclude Include="..\include\cppstd\concrt.h">
      <Filter>include\cppstd</Filter>
    </ClInclude>
    <ClInclude Include="..\include\cppstd\concrtrm.h">
      <Filter>include\cppstd</Filter>
    </ClInclude>
    <ClInclude Include="..\include\cppstd\concurrencysal.h">
      <Filter>include\cppstd</Filter>
    </ClInclude>
    <ClInclude Include="..\include\cppstd\concurrent_priority_queue.h">
      <Filter>include\cppstd</Filter>
    </ClInclude>
    <ClInclude Include="..\include\cppstd\concurrent_queue.h">
      <Filter>include\cppstd</Filter>
    </ClInclude>
    <ClInclude Include="..\include\cppstd\concurrent_unordered_map.h">
      <Filter>include\cppstd</Filter>
    </ClInclude>
    <ClInclude Include="..\include\cppstd\concurrent_unordered_set.h">
      <Filter>include\cppstd</Filter>
    </ClInclude>
    <ClInclude Include="..\include\cppstd\concurrent_vector.h">
      <Filter>include\cppstd</Filter>
    </ClInclude>
    <ClInclude Include="..\include\cppstd\crtdefs.h">
      <Filter>include\cppstd</Filter>
    </ClInclude>
    <ClInclude Include="..\include\cppstd\crtversion.h">
      <Filter>include\cppstd</Filter>
    </ClInclude>
    <ClInclude Include="..\include\cppstd\delayimp.h">
      <Filter>include\cppstd</Filter>
    </ClInclude>
    <ClInclude Include="..\include\cppstd\dloadsup.h">
      <Filter>include\cppstd</Filter>
    </ClInclude>
    <ClInclude Include="..\include\cppstd\dvec.h">
      <Filter>include\cppstd</Filter>
    </ClInclude>
    <ClInclude Include="..\include\cppstd\eh.h">
      <Filter>include\cppstd</Filter>
    </ClInclude>
    <ClInclude Include="..\include\cppstd\ehdata.h">
      <Filter>include\cppstd</Filter>
    </ClInclude>
    <ClInclude Include="..\include\cppstd\ehdata_forceinclude.h">
      <Filter>include\cppstd</Filter>
    </ClInclude>
    <ClInclude Include="..\include\cppstd\ehdata_values.h">
      <Filter>include\cppstd</Filter>
    </ClInclude>
    <ClInclude Include="..\include\cppstd\ehdata4.h">
      <Filter>include\cppstd</Filter>
    </ClInclude>
    <ClInclude Include="..\include\cppstd\ehdata4_export.h">
      <Filter>include\cppstd</Filter>
    </ClInclude>
    <ClInclude Include="..\include\cppstd\emmintrin.h">
      <Filter>include\cppstd</Filter>
    </ClInclude>
    <ClInclude Include="..\include\cppstd\excpt.h">
      <Filter>include\cppstd</Filter>
    </ClInclude>
    <ClInclude Include="..\include\cppstd\fvec.h">
      <Filter>include\cppstd</Filter>
    </ClInclude>
    <ClInclude Include="..\include\cppstd\gcroot.h">
      <Filter>include\cppstd</Filter>
    </ClInclude>
    <ClInclude Include="..\include\cppstd\immintrin.h">
      <Filter>include\cppstd</Filter>
    </ClInclude>
    <ClInclude Include="..\include\cppstd\internal_concurrent_hash.h">
      <Filter>include\cppstd</Filter>
    </ClInclude>
    <ClInclude Include="..\include\cppstd\internal_split_ordered_list.h">
      <Filter>include\cppstd</Filter>
    </ClInclude>
    <ClInclude Include="..\include\cppstd\intrin.h">
      <Filter>include\cppstd</Filter>
    </ClInclude>
    <ClInclude Include="..\include\cppstd\intrin0.h">
      <Filter>include\cppstd</Filter>
    </ClInclude>
    <ClInclude Include="..\include\cppstd\intrin0.inl.h">
      <Filter>include\cppstd</Filter>
    </ClInclude>
    <ClInclude Include="..\include\cppstd\invkprxy.h">
      <Filter>include\cppstd</Filter>
    </ClInclude>
    <ClInclude Include="..\include\cppstd\isa_availability.h">
      <Filter>include\cppstd</Filter>
    </ClInclude>
    <ClInclude Include="..\include\cppstd\iso646.h">
      <Filter>include\cppstd</Filter>
    </ClInclude>
    <ClInclude Include="..\include\cppstd\ivec.h">
      <Filter>include\cppstd</Filter>
    </ClInclude>
    <ClInclude Include="..\include\cppstd\limits.h">
      <Filter>include\cppstd</Filter>
    </ClInclude>
    <ClInclude Include="..\include\cppstd\mm3dnow.h">
      <Filter>include\cppstd</Filter>
    </ClInclude>
    <ClInclude Include="..\include\cppstd\mmintrin.h">
      <Filter>include\cppstd</Filter>
    </ClInclude>
    <ClInclude Include="..\include\cppstd\nmmintrin.h">
      <Filter>include\cppstd</Filter>
    </ClInclude>
    <ClInclude Include="..\include\cppstd\omp.h">
      <Filter>include\cppstd</Filter>
    </ClInclude>
    <ClInclude Include="..\include\cppstd\omp_llvm.h">
      <Filter>include\cppstd</Filter>
    </ClInclude>
    <ClInclude Include="..\include\cppstd\pgobootrun.h">
      <Filter>include\cppstd</Filter>
    </ClInclude>
    <ClInclude Include="..\include\cppstd\pmmintrin.h">
      <Filter>include\cppstd</Filter>
    </ClInclude>
    <ClInclude Include="..\include\cppstd\ppl.h">
      <Filter>include\cppstd</Filter>
    </ClInclude>
    <ClInclude Include="..\include\cppstd\pplawait.h">
      <Filter>include\cppstd</Filter>
    </ClInclude>
    <ClInclude Include="..\include\cppstd\pplcancellation_token.h">
      <Filter>include\cppstd</Filter>
    </ClInclude>
    <ClInclude Include="..\include\cppstd\pplinterface.h">
      <Filter>include\cppstd</Filter>
    </ClInclude>
    <ClInclude Include="..\include\cppstd\ppltasks.h">
      <Filter>include\cppstd</Filter>
    </ClInclude>
    <ClInclude Include="..\include\cppstd\ppltaskscheduler.h">
      <Filter>include\cppstd</Filter>
    </ClInclude>
    <ClInclude Include="..\include\cppstd\pplwin.h">
      <Filter>include\cppstd</Filter>
    </ClInclude>
    <ClInclude Include="..\include\cppstd\rtcapi.h">
      <Filter>include\cppstd</Filter>
    </ClInclude>
    <ClInclude Include="..\include\cppstd\rttidata.h">
      <Filter>include\cppstd</Filter>
    </ClInclude>
    <ClInclude Include="..\include\cppstd\sal.h">
      <Filter>include\cppstd</Filter>
    </ClInclude>
    <ClInclude Include="..\include\cppstd\setjmp.h">
      <Filter>include\cppstd</Filter>
    </ClInclude>
    <ClInclude Include="..\include\cppstd\setjmpex.h">
      <Filter>include\cppstd</Filter>
    </ClInclude>
    <ClInclude Include="..\include\cppstd\smmintrin.h">
      <Filter>include\cppstd</Filter>
    </ClInclude>
    <ClInclude Include="..\include\cppstd\srv.h">
      <Filter>include\cppstd</Filter>
    </ClInclude>
    <ClInclude Include="..\include\cppstd\stdarg.h">
      <Filter>include\cppstd</Filter>
    </ClInclude>
    <ClInclude Include="..\include\cppstd\stdatomic.h">
      <Filter>include\cppstd</Filter>
    </ClInclude>
    <ClInclude Include="..\include\cppstd\stdbool.h">
      <Filter>include\cppstd</Filter>
    </ClInclude>
    <ClInclude Include="..\include\cppstd\stdint.h">
      <Filter>include\cppstd</Filter>
    </ClInclude>
    <ClInclude Include="..\include\cppstd\tmmintrin.h">
      <Filter>include\cppstd</Filter>
    </ClInclude>
    <ClInclude Include="..\include\cppstd\use_ansi.h">
      <Filter>include\cppstd</Filter>
    </ClInclude>
    <ClInclude Include="..\include\cppstd\vadefs.h">
      <Filter>include\cppstd</Filter>
    </ClInclude>
    <ClInclude Include="..\include\cppstd\varargs.h">
      <Filter>include\cppstd</Filter>
    </ClInclude>
    <ClInclude Include="..\include\cppstd\vcclr.h">
      <Filter>include\cppstd</Filter>
    </ClInclude>
    <ClInclude Include="..\include\cppstd\vccorlib.h">
      <Filter>include\cppstd</Filter>
    </ClInclude>
    <ClInclude Include="..\include\cppstd\vcruntime.h">
      <Filter>include\cppstd</Filter>
    </ClInclude>
    <ClInclude Include="..\include\cppstd\vcruntime_exception.h">
      <Filter>include\cppstd</Filter>
    </ClInclude>
    <ClInclude Include="..\include\cppstd\vcruntime_new.h">
      <Filter>include\cppstd</Filter>
    </ClInclude>
    <ClInclude Include="..\include\cppstd\vcruntime_new_debug.h">
      <Filter>include\cppstd</Filter>
    </ClInclude>
    <ClInclude Include="..\include\cppstd\vcruntime_startup.h">
      <Filter>include\cppstd</Filter>
    </ClInclude>
    <ClInclude Include="..\include\cppstd\vcruntime_string.h">
      <Filter>include\cppstd</Filter>
    </ClInclude>
    <ClInclude Include="..\include\cppstd\vcruntime_typeinfo.h">
      <Filter>include\cppstd</Filter>
    </ClInclude>
    <ClInclude Include="..\include\cppstd\wmmintrin.h">
      <Filter>include\cppstd</Filter>
    </ClInclude>
    <ClInclude Include="..\include\cppstd\xatomic.h">
      <Filter>include\cppstd</Filter>
    </ClInclude>
    <ClInclude Include="..\include\cppstd\xatomic_wait.h">
      <Filter>include\cppstd</Filter>
    </ClInclude>
    <ClInclude Include="..\include\cppstd\xbit_ops.h">
      <Filter>include\cppstd</Filter>
    </ClInclude>
    <ClInclude Include="..\include\cppstd\xcall_once.h">
      <Filter>include\cppstd</Filter>
    </ClInclude>
    <ClInclude Include="..\include\cppstd\xcharconv.h">
      <Filter>include\cppstd</Filter>
    </ClInclude>
    <ClInclude Include="..\include\cppstd\xcharconv_ryu.h">
      <Filter>include\cppstd</Filter>
    </ClInclude>
    <ClInclude Include="..\include\cppstd\xcharconv_ryu_tables.h">
      <Filter>include\cppstd</Filter>
    </ClInclude>
    <ClInclude Include="..\include\cppstd\xerrc.h">
      <Filter>include\cppstd</Filter>
    </ClInclude>
    <ClInclude Include="..\include\cppstd\xfilesystem_abi.h">
      <Filter>include\cppstd</Filter>
    </ClInclude>
    <ClInclude Include="..\include\cppstd\xkeycheck.h">
      <Filter>include\cppstd</Filter>
    </ClInclude>
    <ClInclude Include="..\include\cppstd\xmmintrin.h">
      <Filter>include\cppstd</Filter>
    </ClInclude>
    <ClInclude Include="..\include\cppstd\xnode_handle.h">
      <Filter>include\cppstd</Filter>
    </ClInclude>
    <ClInclude Include="..\include\cppstd\xpolymorphic_allocator.h">
      <Filter>include\cppstd</Filter>
    </ClInclude>
    <ClInclude Include="..\include\cppstd\xsmf_control.h">
      <Filter>include\cppstd</Filter>
    </ClInclude>
    <ClInclude Include="..\include\cppstd\xthreads.h">
      <Filter>include\cppstd</Filter>
    </ClInclude>
    <ClInclude Include="..\include\cppstd\xtimec.h">
      <Filter>include\cppstd</Filter>
    </ClInclude>
    <ClInclude Include="..\include\cppstd\xxamp.h">
      <Filter>include\cppstd</Filter>
    </ClInclude>
    <ClInclude Include="..\include\cppstd\xxamp_inl.h">
      <Filter>include\cppstd</Filter>
    </ClInclude>
    <ClInclude Include="..\include\cppstd\ymath.h">
      <Filter>include\cppstd</Filter>
    </ClInclude>
    <ClInclude Include="..\include\cppstd\yvals.h">
      <Filter>include\cppstd</Filter>
    </ClInclude>
    <ClInclude Include="..\include\cppstd\yvals_core.h">
      <Filter>include\cppstd</Filter>
    </ClInclude>
    <ClInclude Include="..\include\cppstd\zmmintrin.h">
      <Filter>include\cppstd</Filter>
    </ClInclude>
    <ClInclude Include="..\include\cppstd\CodeAnalysis\sourceannotations.h">
      <Filter>include\cppstd\CodeAnalysis</Filter>
    </ClInclude>
    <ClInclude Include="..\include\cppstd\CodeAnalysis\Warnings.h">
      <Filter>include\cppstd\CodeAnalysis</Filter>
    </ClInclude>
    <ClInclude Include="..\include\cppstd\msclr\all.h">
      <Filter>include\cppstd\msclr</Filter>
    </ClInclude>
    <ClInclude Include="..\include\cppstd\msclr\appdomain.h">
      <Filter>include\cppstd\msclr</Filter>
    </ClInclude>
    <ClInclude Include="..\include\cppstd\msclr\auto_gcroot.h">
      <Filter>include\cppstd\msclr</Filter>
    </ClInclude>
    <ClInclude Include="..\include\cppstd\msclr\auto_handle.h">
      <Filter>include\cppstd\msclr</Filter>
    </ClInclude>
    <ClInclude Include="..\include\cppstd\msclr\event.h">
      <Filter>include\cppstd\msclr</Filter>
    </ClInclude>
    <ClInclude Include="..\include\cppstd\msclr\gcroot.h">
      <Filter>include\cppstd\msclr</Filter>
    </ClInclude>
    <ClInclude Include="..\include\cppstd\msclr\lock.h">
      <Filter>include\cppstd\msclr</Filter>
    </ClInclude>
    <ClInclude Include="..\include\cppstd\msclr\marshal.h">
      <Filter>include\cppstd\msclr</Filter>
    </ClInclude>
    <ClInclude Include="..\include\cppstd\msclr\marshal_atl.h">
      <Filter>include\cppstd\msclr</Filter>
    </ClInclude>
    <ClInclude Include="..\include\cppstd\msclr\marshal_cppstd.h">
      <Filter>include\cppstd\msclr</Filter>
    </ClInclude>
    <ClInclude Include="..\include\cppstd\msclr\marshal_windows.h">
      <Filter>include\cppstd\msclr</Filter>
    </ClInclude>
    <ClInclude Include="..\include\cppstd\msclr\safebool.h">
      <Filter>include\cppstd\msclr</Filter>
    </ClInclude>
    <ClInclude Include="..\include\cppstd\msclr\com\ptr.h">
      <Filter>include\cppstd\msclr\com</Filter>
    </ClInclude>
    <ClInclude Include="resource.h">
      <Filter>resource</Filter>
    </ClInclude>
  </ItemGroup>
  <ItemGroup>
    <None Include="..\include\cppstd\format">
      <Filter>include\cppstd</Filter>
    </None>
    <None Include="..\include\cppstd\thread">
      <Filter>include\cppstd</Filter>
    </None>
    <None Include="..\include\cppstd\algorithm">
      <Filter>include\cppstd</Filter>
    </None>
    <None Include="..\include\cppstd\any">
      <Filter>include\cppstd</Filter>
    </None>
    <None Include="..\include\cppstd\array">
      <Filter>include\cppstd</Filter>
    </None>
    <None Include="..\include\cppstd\atomic">
      <Filter>include\cppstd</Filter>
    </None>
    <None Include="..\include\cppstd\barrier">
      <Filter>include\cppstd</Filter>
    </None>
    <None Include="..\include\cppstd\bit">
      <Filter>include\cppstd</Filter>
    </None>
    <None Include="..\include\cppstd\bitset">
      <Filter>include\cppstd</Filter>
    </None>
    <None Include="..\include\cppstd\cassert">
      <Filter>include\cppstd</Filter>
    </None>
    <None Include="..\include\cppstd\ccomplex">
      <Filter>include\cppstd</Filter>
    </None>
    <None Include="..\include\cppstd\cctype">
      <Filter>include\cppstd</Filter>
    </None>
    <None Include="..\include\cppstd\cerrno">
      <Filter>include\cppstd</Filter>
    </None>
    <None Include="..\include\cppstd\cfenv">
      <Filter>include\cppstd</Filter>
    </None>
    <None Include="..\include\cppstd\cfloat">
      <Filter>include\cppstd</Filter>
    </None>
    <None Include="..\include\cppstd\charconv">
      <Filter>include\cppstd</Filter>
    </None>
    <None Include="..\include\cppstd\chrono">
      <Filter>include\cppstd</Filter>
    </None>
    <None Include="..\include\cppstd\cinttypes">
      <Filter>include\cppstd</Filter>
    </None>
    <None Include="..\include\cppstd\ciso646">
      <Filter>include\cppstd</Filter>
    </None>
    <None Include="..\include\cppstd\climits">
      <Filter>include\cppstd</Filter>
    </None>
    <None Include="..\include\cppstd\clocale">
      <Filter>include\cppstd</Filter>
    </None>
    <None Include="..\include\cppstd\cmath">
      <Filter>include\cppstd</Filter>
    </None>
    <None Include="..\include\cppstd\codecvt">
      <Filter>include\cppstd</Filter>
    </None>
    <None Include="..\include\cppstd\compare">
      <Filter>include\cppstd</Filter>
    </None>
    <None Include="..\include\cppstd\complex">
      <Filter>include\cppstd</Filter>
    </None>
    <None Include="..\include\cppstd\concepts">
      <Filter>include\cppstd</Filter>
    </None>
    <None Include="..\include\cppstd\condition_variable">
      <Filter>include\cppstd</Filter>
    </None>
    <None Include="..\include\cppstd\coroutine">
      <Filter>include\cppstd</Filter>
    </None>
    <None Include="..\include\cppstd\csetjmp">
      <Filter>include\cppstd</Filter>
    </None>
    <None Include="..\include\cppstd\csignal">
      <Filter>include\cppstd</Filter>
    </None>
    <None Include="..\include\cppstd\cstdalign">
      <Filter>include\cppstd</Filter>
    </None>
    <None Include="..\include\cppstd\cstdarg">
      <Filter>include\cppstd</Filter>
    </None>
    <None Include="..\include\cppstd\cstdbool">
      <Filter>include\cppstd</Filter>
    </None>
    <None Include="..\include\cppstd\cstddef">
      <Filter>include\cppstd</Filter>
    </None>
    <None Include="..\include\cppstd\cstdint">
      <Filter>include\cppstd</Filter>
    </None>
    <None Include="..\include\cppstd\cstdio">
      <Filter>include\cppstd</Filter>
    </None>
    <None Include="..\include\cppstd\cstdlib">
      <Filter>include\cppstd</Filter>
    </None>
    <None Include="..\include\cppstd\cstring">
      <Filter>include\cppstd</Filter>
    </None>
    <None Include="..\include\cppstd\ctgmath">
      <Filter>include\cppstd</Filter>
    </None>
    <None Include="..\include\cppstd\ctime">
      <Filter>include\cppstd</Filter>
    </None>
    <None Include="..\include\cppstd\cuchar">
      <Filter>include\cppstd</Filter>
    </None>
    <None Include="..\include\cppstd\cwchar">
      <Filter>include\cppstd</Filter>
    </None>
    <None Include="..\include\cppstd\cwctype">
      <Filter>include\cppstd</Filter>
    </None>
    <None Include="..\include\cppstd\deque">
      <Filter>include\cppstd</Filter>
    </None>
    <None Include="..\include\cppstd\exception">
      <Filter>include\cppstd</Filter>
    </None>
    <None Include="..\include\cppstd\execution">
      <Filter>include\cppstd</Filter>
    </None>
    <None Include="..\include\cppstd\filesystem">
      <Filter>include\cppstd</Filter>
    </None>
    <None Include="..\include\cppstd\forward_list">
      <Filter>include\cppstd</Filter>
    </None>
    <None Include="..\include\cppstd\fstream">
      <Filter>include\cppstd</Filter>
    </None>
    <None Include="..\include\cppstd\functional">
      <Filter>include\cppstd</Filter>
    </None>
    <None Include="..\include\cppstd\future">
      <Filter>include\cppstd</Filter>
    </None>
    <None Include="..\include\cppstd\hash_map">
      <Filter>include\cppstd</Filter>
    </None>
    <None Include="..\include\cppstd\hash_set">
      <Filter>include\cppstd</Filter>
    </None>
    <None Include="..\include\cppstd\header-units.json">
      <Filter>include\cppstd</Filter>
    </None>
    <None Include="..\include\cppstd\initializer_list">
      <Filter>include\cppstd</Filter>
    </None>
    <None Include="..\include\cppstd\iomanip">
      <Filter>include\cppstd</Filter>
    </None>
    <None Include="..\include\cppstd\ios">
      <Filter>include\cppstd</Filter>
    </None>
    <None Include="..\include\cppstd\iosfwd">
      <Filter>include\cppstd</Filter>
    </None>
    <None Include="..\include\cppstd\iostream">
      <Filter>include\cppstd</Filter>
    </None>
    <None Include="..\include\cppstd\istream">
      <Filter>include\cppstd</Filter>
    </None>
    <None Include="..\include\cppstd\iterator">
      <Filter>include\cppstd</Filter>
    </None>
    <None Include="..\include\cppstd\latch">
      <Filter>include\cppstd</Filter>
    </None>
    <None Include="..\include\cppstd\limits">
      <Filter>include\cppstd</Filter>
    </None>
    <None Include="..\include\cppstd\list">
      <Filter>include\cppstd</Filter>
    </None>
    <None Include="..\include\cppstd\listing.inc">
      <Filter>include\cppstd</Filter>
    </None>
    <None Include="..\include\cppstd\locale">
      <Filter>include\cppstd</Filter>
    </None>
    <None Include="..\include\cppstd\map">
      <Filter>include\cppstd</Filter>
    </None>
    <None Include="..\include\cppstd\memory">
      <Filter>include\cppstd</Filter>
    </None>
    <None Include="..\include\cppstd\memory_resource">
      <Filter>include\cppstd</Filter>
    </None>
    <None Include="..\include\cppstd\mutex">
      <Filter>include\cppstd</Filter>
    </None>
    <None Include="..\include\cppstd\new">
      <Filter>include\cppstd</Filter>
    </None>
    <None Include="..\include\cppstd\numbers">
      <Filter>include\cppstd</Filter>
    </None>
    <None Include="..\include\cppstd\numeric">
      <Filter>include\cppstd</Filter>
    </None>
    <None Include="..\include\cppstd\optional">
      <Filter>include\cppstd</Filter>
    </None>
    <None Include="..\include\cppstd\ostream">
      <Filter>include\cppstd</Filter>
    </None>
    <None Include="..\include\cppstd\queue">
      <Filter>include\cppstd</Filter>
    </None>
    <None Include="..\include\cppstd\random">
      <Filter>include\cppstd</Filter>
    </None>
    <None Include="..\include\cppstd\ranges">
      <Filter>include\cppstd</Filter>
    </None>
    <None Include="..\include\cppstd\ratio">
      <Filter>include\cppstd</Filter>
    </None>
    <None Include="..\include\cppstd\regex">
      <Filter>include\cppstd</Filter>
    </None>
    <None Include="..\include\cppstd\scoped_allocator">
      <Filter>include\cppstd</Filter>
    </None>
    <None Include="..\include\cppstd\semaphore">
      <Filter>include\cppstd</Filter>
    </None>
    <None Include="..\include\cppstd\set">
      <Filter>include\cppstd</Filter>
    </None>
    <None Include="..\include\cppstd\shared_mutex">
      <Filter>include\cppstd</Filter>
    </None>
    <None Include="..\include\cppstd\source_location">
      <Filter>include\cppstd</Filter>
    </None>
    <None Include="..\include\cppstd\span">
      <Filter>include\cppstd</Filter>
    </None>
    <None Include="..\include\cppstd\spanstream">
      <Filter>include\cppstd</Filter>
    </None>
    <None Include="..\include\cppstd\sstream">
      <Filter>include\cppstd</Filter>
    </None>
    <None Include="..\include\cppstd\stack">
      <Filter>include\cppstd</Filter>
    </None>
    <None Include="..\include\cppstd\stdexcept">
      <Filter>include\cppstd</Filter>
    </None>
    <None Include="..\include\cppstd\stop_token">
      <Filter>include\cppstd</Filter>
    </None>
    <None Include="..\include\cppstd\streambuf">
      <Filter>include\cppstd</Filter>
    </None>
    <None Include="..\include\cppstd\string">
      <Filter>include\cppstd</Filter>
    </None>
    <None Include="..\include\cppstd\string_view">
      <Filter>include\cppstd</Filter>
    </None>
    <None Include="..\include\cppstd\strstream">
      <Filter>include\cppstd</Filter>
    </None>
    <None Include="..\include\cppstd\syncstream">
      <Filter>include\cppstd</Filter>
    </None>
    <None Include="..\include\cppstd\system_error">
      <Filter>include\cppstd</Filter>
    </None>
    <None Include="..\include\cppstd\tuple">
      <Filter>include\cppstd</Filter>
    </None>
    <None Include="..\include\cppstd\type_traits">
      <Filter>include\cppstd</Filter>
    </None>
    <None Include="..\include\cppstd\typeindex">
      <Filter>include\cppstd</Filter>
    </None>
    <None Include="..\include\cppstd\typeinfo">
      <Filter>include\cppstd</Filter>
    </None>
    <None Include="..\include\cppstd\unordered_map">
      <Filter>include\cppstd</Filter>
    </None>
    <None Include="..\include\cppstd\unordered_set">
      <Filter>include\cppstd</Filter>
    </None>
    <None Include="..\include\cppstd\utility">
      <Filter>include\cppstd</Filter>
    </None>
    <None Include="..\include\cppstd\valarray">
      <Filter>include\cppstd</Filter>
    </None>
    <None Include="..\include\cppstd\variant">
      <Filter>include\cppstd</Filter>
    </None>
    <None Include="..\include\cppstd\vector">
      <Filter>include\cppstd</Filter>
    </None>
    <None Include="..\include\cppstd\version">
      <Filter>include\cppstd</Filter>
    </None>
    <None Include="..\include\cppstd\xfacet">
      <Filter>include\cppstd</Filter>
    </None>
    <None Include="..\include\cppstd\xhash">
      <Filter>include\cppstd</Filter>
    </None>
    <None Include="..\include\cppstd\xiosbase">
      <Filter>include\cppstd</Filter>
    </None>
    <None Include="..\include\cppstd\xlocale">
      <Filter>include\cppstd</Filter>
    </None>
    <None Include="..\include\cppstd\xlocbuf">
      <Filter>include\cppstd</Filter>
    </None>
    <None Include="..\include\cppstd\xlocinfo">
      <Filter>include\cppstd</Filter>
    </None>
    <None Include="..\include\cppstd\xlocmes">
      <Filter>include\cppstd</Filter>
    </None>
    <None Include="..\include\cppstd\xlocmon">
      <Filter>include\cppstd</Filter>
    </None>
    <None Include="..\include\cppstd\xlocnum">
      <Filter>include\cppstd</Filter>
    </None>
    <None Include="..\include\cppstd\xloctime">
      <Filter>include\cppstd</Filter>
    </None>
    <None Include="..\include\cppstd\xmemory">
      <Filter>include\cppstd</Filter>
    </None>
    <None Include="..\include\cppstd\xstddef">
      <Filter>include\cppstd</Filter>
    </None>
    <None Include="..\include\cppstd\xstring">
      <Filter>include\cppstd</Filter>
    </None>
    <None Include="..\include\cppstd\xtr1common">
      <Filter>include\cppstd</Filter>
    </None>
    <None Include="..\include\cppstd\xtree">
      <Filter>include\cppstd</Filter>
    </None>
    <None Include="..\include\cppstd\xutility">
      <Filter>include\cppstd</Filter>
    </None>
    <None Include="..\include\cppstd\cliext\adapter">
      <Filter>include\cppstd\cliext</Filter>
    </None>
    <None Include="..\include\cppstd\cliext\algorithm">
      <Filter>include\cppstd\cliext</Filter>
    </None>
    <None Include="..\include\cppstd\cliext\deque">
      <Filter>include\cppstd\cliext</Filter>
    </None>
    <None Include="..\include\cppstd\cliext\functional">
      <Filter>include\cppstd\cliext</Filter>
    </None>
    <None Include="..\include\cppstd\cliext\hash_map">
      <Filter>include\cppstd\cliext</Filter>
    </None>
    <None Include="..\include\cppstd\cliext\hash_set">
      <Filter>include\cppstd\cliext</Filter>
    </None>
    <None Include="..\include\cppstd\cliext\iterator">
      <Filter>include\cppstd\cliext</Filter>
    </None>
    <None Include="..\include\cppstd\cliext\list">
      <Filter>include\cppstd\cliext</Filter>
    </None>
    <None Include="..\include\cppstd\cliext\map">
      <Filter>include\cppstd\cliext</Filter>
    </None>
    <None Include="..\include\cppstd\cliext\memory">
      <Filter>include\cppstd\cliext</Filter>
    </None>
    <None Include="..\include\cppstd\cliext\numeric">
      <Filter>include\cppstd\cliext</Filter>
    </None>
    <None Include="..\include\cppstd\cliext\queue">
      <Filter>include\cppstd\cliext</Filter>
    </None>
    <None Include="..\include\cppstd\cliext\set">
      <Filter>include\cppstd\cliext</Filter>
    </None>
    <None Include="..\include\cppstd\cliext\stack">
      <Filter>include\cppstd\cliext</Filter>
    </None>
    <None Include="..\include\cppstd\cliext\utility">
      <Filter>include\cppstd\cliext</Filter>
    </None>
    <None Include="..\include\cppstd\cliext\vector">
      <Filter>include\cppstd\cliext</Filter>
    </None>
    <None Include="..\include\cppstd\cliext\xhash">
      <Filter>include\cppstd\cliext</Filter>
    </None>
    <None Include="..\include\cppstd\cliext\xtree">
      <Filter>include\cppstd\cliext</Filter>
    </None>
    <None Include="..\include\cppstd\cliext\xutility">
      <Filter>include\cppstd\cliext</Filter>
    </None>
    <None Include="..\include\cppstd\cvt\8859_1">
      <Filter>include\cppstd\cvt</Filter>
    </None>
    <None Include="..\include\cppstd\cvt\8859_2">
      <Filter>include\cppstd\cvt</Filter>
    </None>
    <None Include="..\include\cppstd\cvt\8859_3">
      <Filter>include\cppstd\cvt</Filter>
    </None>
    <None Include="..\include\cppstd\cvt\8859_4">
      <Filter>include\cppstd\cvt</Filter>
    </None>
    <None Include="..\include\cppstd\cvt\8859_5">
      <Filter>include\cppstd\cvt</Filter>
    </None>
    <None Include="..\include\cppstd\cvt\8859_6">
      <Filter>include\cppstd\cvt</Filter>
    </None>
    <None Include="..\include\cppstd\cvt\8859_7">
      <Filter>include\cppstd\cvt</Filter>
    </None>
    <None Include="..\include\cppstd\cvt\8859_8">
      <Filter>include\cppstd\cvt</Filter>
    </None>
    <None Include="..\include\cppstd\cvt\8859_9">
      <Filter>include\cppstd\cvt</Filter>
    </None>
    <None Include="..\include\cppstd\cvt\8859_10">
      <Filter>include\cppstd\cvt</Filter>
    </None>
    <None Include="..\include\cppstd\cvt\8859_13">
      <Filter>include\cppstd\cvt</Filter>
    </None>
    <None Include="..\include\cppstd\cvt\8859_14">
      <Filter>include\cppstd\cvt</Filter>
    </None>
    <None Include="..\include\cppstd\cvt\8859_15">
      <Filter>include\cppstd\cvt</Filter>
    </None>
    <None Include="..\include\cppstd\cvt\8859_16">
      <Filter>include\cppstd\cvt</Filter>
    </None>
    <None Include="..\include\cppstd\cvt\baltic">
      <Filter>include\cppstd\cvt</Filter>
    </None>
    <None Include="..\include\cppstd\cvt\big5">
      <Filter>include\cppstd\cvt</Filter>
    </None>
    <None Include="..\include\cppstd\cvt\cp037">
      <Filter>include\cppstd\cvt</Filter>
    </None>
    <None Include="..\include\cppstd\cvt\cp424">
      <Filter>include\cppstd\cvt</Filter>
    </None>
    <None Include="..\include\cppstd\cvt\cp437">
      <Filter>include\cppstd\cvt</Filter>
    </None>
    <None Include="..\include\cppstd\cvt\cp500">
      <Filter>include\cppstd\cvt</Filter>
    </None>
    <None Include="..\include\cppstd\cvt\cp737">
      <Filter>include\cppstd\cvt</Filter>
    </None>
    <None Include="..\include\cppstd\cvt\cp775">
      <Filter>include\cppstd\cvt</Filter>
    </None>
    <None Include="..\include\cppstd\cvt\cp850">
      <Filter>include\cppstd\cvt</Filter>
    </None>
    <None Include="..\include\cppstd\cvt\cp852">
      <Filter>include\cppstd\cvt</Filter>
    </None>
    <None Include="..\include\cppstd\cvt\cp855">
      <Filter>include\cppstd\cvt</Filter>
    </None>
    <None Include="..\include\cppstd\cvt\cp856">
      <Filter>include\cppstd\cvt</Filter>
    </None>
    <None Include="..\include\cppstd\cvt\cp857">
      <Filter>include\cppstd\cvt</Filter>
    </None>
    <None Include="..\include\cppstd\cvt\cp860">
      <Filter>include\cppstd\cvt</Filter>
    </None>
    <None Include="..\include\cppstd\cvt\cp861">
      <Filter>include\cppstd\cvt</Filter>
    </None>
    <None Include="..\include\cppstd\cvt\cp862">
      <Filter>include\cppstd\cvt</Filter>
    </None>
    <None Include="..\include\cppstd\cvt\cp863">
      <Filter>include\cppstd\cvt</Filter>
    </None>
    <None Include="..\include\cppstd\cvt\cp864">
      <Filter>include\cppstd\cvt</Filter>
    </None>
    <None Include="..\include\cppstd\cvt\cp865">
      <Filter>include\cppstd\cvt</Filter>
    </None>
    <None Include="..\include\cppstd\cvt\cp866">
      <Filter>include\cppstd\cvt</Filter>
    </None>
    <None Include="..\include\cppstd\cvt\cp869">
      <Filter>include\cppstd\cvt</Filter>
    </None>
    <None Include="..\include\cppstd\cvt\cp874">
      <Filter>include\cppstd\cvt</Filter>
    </None>
    <None Include="..\include\cppstd\cvt\cp875">
      <Filter>include\cppstd\cvt</Filter>
    </None>
    <None Include="..\include\cppstd\cvt\cp932">
      <Filter>include\cppstd\cvt</Filter>
    </None>
    <None Include="..\include\cppstd\cvt\cp936">
      <Filter>include\cppstd\cvt</Filter>
    </None>
    <None Include="..\include\cppstd\cvt\cp949">
      <Filter>include\cppstd\cvt</Filter>
    </None>
    <None Include="..\include\cppstd\cvt\cp950">
      <Filter>include\cppstd\cvt</Filter>
    </None>
    <None Include="..\include\cppstd\cvt\cp1006">
      <Filter>include\cppstd\cvt</Filter>
    </None>
    <None Include="..\include\cppstd\cvt\cp1026">
      <Filter>include\cppstd\cvt</Filter>
    </None>
    <None Include="..\include\cppstd\cvt\cp1250">
      <Filter>include\cppstd\cvt</Filter>
    </None>
    <None Include="..\include\cppstd\cvt\cp1251">
      <Filter>include\cppstd\cvt</Filter>
    </None>
    <None Include="..\include\cppstd\cvt\cp1252">
      <Filter>include\cppstd\cvt</Filter>
    </None>
    <None Include="..\include\cppstd\cvt\cp1253">
      <Filter>include\cppstd\cvt</Filter>
    </None>
    <None Include="..\include\cppstd\cvt\cp1254">
      <Filter>include\cppstd\cvt</Filter>
    </None>
    <None Include="..\include\cppstd\cvt\cp1255">
      <Filter>include\cppstd\cvt</Filter>
    </None>
    <None Include="..\include\cppstd\cvt\cp1256">
      <Filter>include\cppstd\cvt</Filter>
    </None>
    <None Include="..\include\cppstd\cvt\cp1257">
      <Filter>include\cppstd\cvt</Filter>
    </None>
    <None Include="..\include\cppstd\cvt\cp1258">
      <Filter>include\cppstd\cvt</Filter>
    </None>
    <None Include="..\include\cppstd\cvt\cyrillic">
      <Filter>include\cppstd\cvt</Filter>
    </None>
    <None Include="..\include\cppstd\cvt\ebcdic">
      <Filter>include\cppstd\cvt</Filter>
    </None>
    <None Include="..\include\cppstd\cvt\euc">
      <Filter>include\cppstd\cvt</Filter>
    </None>
    <None Include="..\include\cppstd\cvt\euc_0208">
      <Filter>include\cppstd\cvt</Filter>
    </None>
    <None Include="..\include\cppstd\cvt\gb2312">
      <Filter>include\cppstd\cvt</Filter>
    </None>
    <None Include="..\include\cppstd\cvt\gb12345">
      <Filter>include\cppstd\cvt</Filter>
    </None>
    <None Include="..\include\cppstd\cvt\greek">
      <Filter>include\cppstd\cvt</Filter>
    </None>
    <None Include="..\include\cppstd\cvt\iceland">
      <Filter>include\cppstd\cvt</Filter>
    </None>
    <None Include="..\include\cppstd\cvt\jis">
      <Filter>include\cppstd\cvt</Filter>
    </None>
    <None Include="..\include\cppstd\cvt\jis_0208">
      <Filter>include\cppstd\cvt</Filter>
    </None>
    <None Include="..\include\cppstd\cvt\jis0201">
      <Filter>include\cppstd\cvt</Filter>
    </None>
    <None Include="..\include\cppstd\cvt\ksc5601">
      <Filter>include\cppstd\cvt</Filter>
    </None>
    <None Include="..\include\cppstd\cvt\latin2">
      <Filter>include\cppstd\cvt</Filter>
    </None>
    <None Include="..\include\cppstd\cvt\one_one">
      <Filter>include\cppstd\cvt</Filter>
    </None>
    <None Include="..\include\cppstd\cvt\roman">
      <Filter>include\cppstd\cvt</Filter>
    </None>
    <None Include="..\include\cppstd\cvt\sjis">
      <Filter>include\cppstd\cvt</Filter>
    </None>
    <None Include="..\include\cppstd\cvt\sjis_0208">
      <Filter>include\cppstd\cvt</Filter>
    </None>
    <None Include="..\include\cppstd\cvt\turkish">
      <Filter>include\cppstd\cvt</Filter>
    </None>
    <None Include="..\include\cppstd\cvt\utf8">
      <Filter>include\cppstd\cvt</Filter>
    </None>
    <None Include="..\include\cppstd\cvt\utf8_utf16">
      <Filter>include\cppstd\cvt</Filter>
    </None>
    <None Include="..\include\cppstd\cvt\utf16">
      <Filter>include\cppstd\cvt</Filter>
    </None>
    <None Include="..\include\cppstd\cvt\wbuffer">
      <Filter>include\cppstd\cvt</Filter>
    </None>
    <None Include="..\include\cppstd\cvt\wstring">
      <Filter>include\cppstd\cvt</Filter>
    </None>
    <None Include="..\include\cppstd\cvt\xjis">
      <Filter>include\cppstd\cvt</Filter>
    </None>
    <None Include="..\include\cppstd\cvt\xone_byte">
      <Filter>include\cppstd\cvt</Filter>
    </None>
    <None Include="..\include\cppstd\cvt\xtwo_byte">
      <Filter>include\cppstd\cvt</Filter>
    </None>
    <None Include="..\include\cppstd\experimental\coroutine">
      <Filter>include\cppstd\experimental</Filter>
    </None>
    <None Include="..\include\cppstd\experimental\deque">
      <Filter>include\cppstd\experimental</Filter>
    </None>
    <None Include="..\include\cppstd\experimental\filesystem">
      <Filter>include\cppstd\experimental</Filter>
    </None>
    <None Include="..\include\cppstd\experimental\forward_list">
      <Filter>include\cppstd\experimental</Filter>
    </None>
    <None Include="..\include\cppstd\experimental\generator">
      <Filter>include\cppstd\experimental</Filter>
    </None>
    <None Include="..\include\cppstd\experimental\list">
      <Filter>include\cppstd\experimental</Filter>
    </None>
    <None Include="..\include\cppstd\experimental\map">
      <Filter>include\cppstd\experimental</Filter>
    </None>
    <None Include="..\include\cppstd\experimental\resumable">
      <Filter>include\cppstd\experimental</Filter>
    </None>
    <None Include="..\include\cppstd\experimental\set">
      <Filter>include\cppstd\experimental</Filter>
    </None>
    <None Include="..\include\cppstd\experimental\string">
      <Filter>include\cppstd\experimental</Filter>
    </None>
    <None Include="..\include\cppstd\experimental\unordered_map">
      <Filter>include\cppstd\experimental</Filter>
    </None>
    <None Include="..\include\cppstd\experimental\unordered_set">
      <Filter>include\cppstd\experimental</Filter>
    </None>
    <None Include="..\include\cppstd\experimental\vector">
      <Filter>include\cppstd\experimental</Filter>
    </None>
  </ItemGroup>
  <ItemGroup>
    <Library Include="..\third-party\detours\lib\detours.lib">
      <Filter>third-party\detours\lib</Filter>
    </Library>
    <Library Include="..\third-party\detours\lib\syelog.lib">
      <Filter>third-party\detours\lib</Filter>
    </Library>
  </ItemGroup>
  <ItemGroup>
    <ResourceCompile Include="ibasicLibrary.rc">
      <Filter>resource</Filter>
    </ResourceCompile>
  </ItemGroup>
</Project>