<?xml version="1.0" encoding="utf-8"?>
<Project ToolsVersion="4.0" xmlns="http://schemas.microsoft.com/developer/msbuild/2003">
  <ItemGroup>
    <Filter Include="include">
      <UniqueIdentifier>{93995380-89BD-4b04-88EB-625FBE52EBFB}</UniqueIdentifier>
      <Extensions>h;hh;hpp;hxx;h++;hm;inl;inc;ipp;xsd</Extensions>
    </Filter>
    <Filter Include="test">
      <UniqueIdentifier>{4FC737F1-C7A5-4376-A066-2A32D752A2FF}</UniqueIdentifier>
      <Extensions>cpp;c;cc;cxx;c++;cppm;ixx;def;odl;idl;hpj;bat;asm;asmx</Extensions>
    </Filter>
    <Filter Include="resource">
      <UniqueIdentifier>{67DA6AB6-F800-4c08-8B7A-83BB121AAD01}</UniqueIdentifier>
      <Extensions>rc;ico;cur;bmp;dlg;rc2;rct;bin;rgs;gif;jpg;jpeg;jpe;resx;tiff;tif;png;wav;mfcribbon-ms</Extensions>
    </Filter>
    <Filter Include="docs">
      <UniqueIdentifier>{b537703f-5e6c-4303-b8c5-b563eae3e230}</UniqueIdentifier>
    </Filter>
    <Filter Include="lib-src">
      <UniqueIdentifier>{2c248049-10a5-4a6a-aaad-cc6560619441}</UniqueIdentifier>
    </Filter>
    <Filter Include="other">
      <UniqueIdentifier>{130e958a-558d-43a1-adb8-d0713fd388fc}</UniqueIdentifier>
    </Filter>
    <Filter Include="tools">
      <UniqueIdentifier>{ddd9da03-4abc-4497-98bf-6b38d937a767}</UniqueIdentifier>
    </Filter>
    <Filter Include="build">
      <UniqueIdentifier>{2367b554-8b8f-41bf-a6f1-d68384f341f3}</UniqueIdentifier>
    </Filter>
    <Filter Include="third-party">
      <UniqueIdentifier>{d6f92415-320b-444e-8de5-35ad2897b9b5}</UniqueIdentifier>
    </Filter>
    <Filter Include="include\icore">
      <UniqueIdentifier>{a50de011-c66d-470b-bd92-dea87ec7fab4}</UniqueIdentifier>
    </Filter>
    <Filter Include="include\icore\family">
      <UniqueIdentifier>{0f93c4f4-07e1-49d7-82f3-758568e7801b}</UniqueIdentifier>
    </Filter>
    <Filter Include="include\icore\type">
      <UniqueIdentifier>{9f658ca5-0a61-44fe-8049-10cbe4e939d8}</UniqueIdentifier>
    </Filter>
    <Filter Include="include\icore\type\basic">
      <UniqueIdentifier>{c8df3e30-c56d-4316-b648-685b2396d90b}</UniqueIdentifier>
    </Filter>
    <Filter Include="include\icore\type\type">
      <UniqueIdentifier>{bd80c216-546d-4470-bd94-bac746603be9}</UniqueIdentifier>
    </Filter>
    <Filter Include="include\icore\algorithm">
      <UniqueIdentifier>{c3269462-31f9-4162-b049-6557be462562}</UniqueIdentifier>
    </Filter>
    <Filter Include="include\icore\type\basic\basic">
      <UniqueIdentifier>{adf5a426-2904-45cd-a787-8a419f10f52f}</UniqueIdentifier>
    </Filter>
    <Filter Include="include\icore\exception">
      <UniqueIdentifier>{55604364-b858-48b4-bf79-ecc0e33e5d06}</UniqueIdentifier>
    </Filter>
    <Filter Include="third-party\nlohmann">
      <UniqueIdentifier>{456b3dcd-d44d-488a-b592-5530be515432}</UniqueIdentifier>
    </Filter>
  </ItemGroup>
  <ItemGroup>
    <ClCompile Include="ibasicLibrary.cpp">
      <Filter>test</Filter>
    </ClCompile>
  </ItemGroup>
  <ItemGroup>
    <Text Include="..\docs\filelist.txt">
      <Filter>docs</Filter>
    </Text>
    <Text Include="..\lib-src\filelist.txt">
      <Filter>lib-src</Filter>
    </Text>
    <Text Include="..\build\filelist.txt">
      <Filter>build</Filter>
    </Text>
    <Text Include="..\third-party\filelist.txt">
      <Filter>third-party</Filter>
    </Text>
    <Text Include="..\tools\filelist.txt">
      <Filter>tools</Filter>
    </Text>
    <Text Include="..\other\filelist.txt">
      <Filter>other</Filter>
    </Text>
    <Text Include="..\resource\filelist.txt">
      <Filter>resource</Filter>
    </Text>
  </ItemGroup>
  <ItemGroup>
    <ClInclude Include="..\include\icore\family\imacrofamily.h">
      <Filter>include\icore\family</Filter>
    </ClInclude>
    <ClInclude Include="..\include\icore\type\basic\number.hpp">
      <Filter>include\icore\type\basic</Filter>
    </ClInclude>
    <ClInclude Include="..\include\ibasicLibrary_all_public_headers">
      <Filter>include</Filter>
    </ClInclude>
    <ClInclude Include="..\include\icore\type\type\type_traits.hpp">
      <Filter>include\icore\type\type</Filter>
    </ClInclude>
    <ClInclude Include="..\include\icore\family\family_all_public_headers">
      <Filter>include\icore\family</Filter>
    </ClInclude>
    <ClInclude Include="..\include\icore\type\basic\basic_all_public_headers">
      <Filter>include\icore\type\basic</Filter>
    </ClInclude>
    <ClInclude Include="..\include\icore\type\type\type_all_public_headers">
      <Filter>include\icore\type\type</Filter>
    </ClInclude>
    <ClInclude Include="..\include\icore\type\type_all_public_headers">
      <Filter>include\icore\type</Filter>
    </ClInclude>
    <ClInclude Include="..\include\icore\type\basic\numberArray.hpp">
      <Filter>include\icore\type\basic</Filter>
    </ClInclude>
    <ClInclude Include="..\include\icore\type\basic\basic\basic_number_type.hpp">
      <Filter>include\icore\type\basic\basic</Filter>
    </ClInclude>
    <ClInclude Include="..\include\icore\type\basic\basic\ibasic.hpp">
      <Filter>include\icore\type\basic\basic</Filter>
    </ClInclude>
    <ClInclude Include="..\include\icore\type\type\type.hpp">
      <Filter>include\icore\type\type</Filter>
    </ClInclude>
    <ClInclude Include="..\include\icore\type\type\concepts.hpp">
      <Filter>include\icore\type\type</Filter>
    </ClInclude>
    <ClInclude Include="..\include\icore\exception\exception.hpp">
      <Filter>include\icore\exception</Filter>
    </ClInclude>
    <ClInclude Include="..\include\icore\type\basic\istring.hpp">
      <Filter>include\icore\type\basic</Filter>
    </ClInclude>
    <ClInclude Include="..\third-party\nlohmann\json.hpp">
      <Filter>third-party\nlohmann</Filter>
    </ClInclude>
    <ClInclude Include="..\include\icore\exception\error.hpp">
      <Filter>include\icore\exception</Filter>
    </ClInclude>
    <ClInclude Include="..\include\icore\exception\errorcode.hpp">
      <Filter>include\icore\exception</Filter>
    </ClInclude>
    <ClInclude Include="..\include\icore\type\filepos.hpp">
      <Filter>include\icore\type</Filter>
    </ClInclude>
    <ClInclude Include="..\include\icore\type\level.hpp">
      <Filter>include\icore\type</Filter>
    </ClInclude>
    <ClInclude Include="..\include\icore\type\basic\basic\position.hpp">
      <Filter>include\icore\type\basic\basic</Filter>
    </ClInclude>
  </ItemGroup>
  <ItemGroup>
    <None Include="..\include\icore\icore_all_public_headers">
      <Filter>include\icore</Filter>
    </None>
    <None Include="..\include\icore\algorithm\algorithm_all_public_headers">
      <Filter>include\icore\algorithm</Filter>
    </None>
  </ItemGroup>
</Project>