<?xml version="1.0" encoding="utf-8"?>
<Project ToolsVersion="4.0" xmlns="http://schemas.microsoft.com/developer/msbuild/2003">
  <ItemGroup>
    <Filter Include="include">
      <UniqueIdentifier>{93995380-89BD-4b04-88EB-625FBE52EBFB}</UniqueIdentifier>
      <Extensions>h;hh;hpp;hxx;h++;hm;inl;inc;ipp;xsd</Extensions>
    </Filter>
    <Filter Include="test">
      <UniqueIdentifier>{4FC737F1-C7A5-4376-A066-2A32D752A2FF}</UniqueIdentifier>
      <Extensions>cpp;c;cc;cxx;c++;cppm;ixx;def;odl;idl;hpj;bat;asm;asmx</Extensions>
    </Filter>
    <Filter Include="resource">
      <UniqueIdentifier>{67DA6AB6-F800-4c08-8B7A-83BB121AAD01}</UniqueIdentifier>
      <Extensions>rc;ico;cur;bmp;dlg;rc2;rct;bin;rgs;gif;jpg;jpeg;jpe;resx;tiff;tif;png;wav;mfcribbon-ms</Extensions>
    </Filter>
    <Filter Include="docs">
      <UniqueIdentifier>{b537703f-5e6c-4303-b8c5-b563eae3e230}</UniqueIdentifier>
    </Filter>
    <Filter Include="lib-src">
      <UniqueIdentifier>{2c248049-10a5-4a6a-aaad-cc6560619441}</UniqueIdentifier>
    </Filter>
    <Filter Include="other">
      <UniqueIdentifier>{130e958a-558d-43a1-adb8-d0713fd388fc}</UniqueIdentifier>
    </Filter>
    <Filter Include="tools">
      <UniqueIdentifier>{ddd9da03-4abc-4497-98bf-6b38d937a767}</UniqueIdentifier>
    </Filter>
    <Filter Include="build">
      <UniqueIdentifier>{2367b554-8b8f-41bf-a6f1-d68384f341f3}</UniqueIdentifier>
    </Filter>
    <Filter Include="third-party">
      <UniqueIdentifier>{d6f92415-320b-444e-8de5-35ad2897b9b5}</UniqueIdentifier>
    </Filter>
    <Filter Include="include\icore">
      <UniqueIdentifier>{a50de011-c66d-470b-bd92-dea87ec7fab4}</UniqueIdentifier>
    </Filter>
    <Filter Include="include\icore\family">
      <UniqueIdentifier>{0f93c4f4-07e1-49d7-82f3-758568e7801b}</UniqueIdentifier>
    </Filter>
    <Filter Include="include\icore\type">
      <UniqueIdentifier>{9f658ca5-0a61-44fe-8049-10cbe4e939d8}</UniqueIdentifier>
    </Filter>
    <Filter Include="include\icore\type\basic">
      <UniqueIdentifier>{c8df3e30-c56d-4316-b648-685b2396d90b}</UniqueIdentifier>
    </Filter>
    <Filter Include="include\icore\type\type">
      <UniqueIdentifier>{bd80c216-546d-4470-bd94-bac746603be9}</UniqueIdentifier>
    </Filter>
    <Filter Include="include\icore\algorithm">
      <UniqueIdentifier>{c3269462-31f9-4162-b049-6557be462562}</UniqueIdentifier>
    </Filter>
    <Filter Include="include\icore\type\basic\basic">
      <UniqueIdentifier>{adf5a426-2904-45cd-a787-8a419f10f52f}</UniqueIdentifier>
    </Filter>
    <Filter Include="third-party\nlohmann">
      <UniqueIdentifier>{456b3dcd-d44d-488a-b592-5530be515432}</UniqueIdentifier>
    </Filter>
    <Filter Include="third-party\detours">
      <UniqueIdentifier>{53ec2830-c71f-46c0-aebd-4cc7ce2f7f2d}</UniqueIdentifier>
    </Filter>
    <Filter Include="third-party\detours\lib">
      <UniqueIdentifier>{640e5c1b-27f9-43e4-bc4f-595b52be44bd}</UniqueIdentifier>
    </Filter>
    <Filter Include="third-party\nlohmann\detail">
      <UniqueIdentifier>{0917f9a5-0283-4f29-a1ca-a2056ac86fda}</UniqueIdentifier>
    </Filter>
    <Filter Include="third-party\nlohmann\detail\conversions">
      <UniqueIdentifier>{120f4a0e-dc16-4681-a1cd-1415b76fd9d8}</UniqueIdentifier>
    </Filter>
    <Filter Include="third-party\nlohmann\detail\input">
      <UniqueIdentifier>{3d700090-5a19-49b1-85f0-e5642685684b}</UniqueIdentifier>
    </Filter>
    <Filter Include="third-party\nlohmann\detail\iterators">
      <UniqueIdentifier>{c664bfd9-b037-4f23-bd4c-0cdd3ba05ec5}</UniqueIdentifier>
    </Filter>
    <Filter Include="third-party\nlohmann\detail\meta">
      <UniqueIdentifier>{a10292dc-c6ba-499a-8e6e-fd5e1eca7bc1}</UniqueIdentifier>
    </Filter>
    <Filter Include="third-party\nlohmann\detail\meta\call_std">
      <UniqueIdentifier>{d2ac984f-ff81-4e5c-8ea4-fc68247cbd7f}</UniqueIdentifier>
    </Filter>
    <Filter Include="third-party\nlohmann\detail\output">
      <UniqueIdentifier>{a67a029a-81aa-415e-ad2c-fbe547a5efe4}</UniqueIdentifier>
    </Filter>
    <Filter Include="include\icore\lib">
      <UniqueIdentifier>{6ea9162e-02ce-4f0c-9ffb-e5a34e13d188}</UniqueIdentifier>
    </Filter>
    <Filter Include="include\icore\lib\libIO">
      <UniqueIdentifier>{448151e4-939f-4279-a792-b25b64b345e6}</UniqueIdentifier>
    </Filter>
    <Filter Include="include\icore\lib\libMessageBox">
      <UniqueIdentifier>{38c9d0e5-eacb-476e-995f-0f2a5b851a22}</UniqueIdentifier>
    </Filter>
    <Filter Include="include\icore\lib\libProcess">
      <UniqueIdentifier>{80fb0bb3-5b5e-46d7-ad6b-af2187fb8ac9}</UniqueIdentifier>
    </Filter>
    <Filter Include="include\icore\lib\libNet">
      <UniqueIdentifier>{2ee77632-a490-4c89-99ae-5e2696a99ec3}</UniqueIdentifier>
    </Filter>
    <Filter Include="include\icore\lib\libCode">
      <UniqueIdentifier>{d4d0fa0e-8c63-42f1-a8fa-ec7312522984}</UniqueIdentifier>
    </Filter>
    <Filter Include="include\mcppstd">
      <UniqueIdentifier>{2c1c5ca8-8287-4b40-847a-cd181c033456}</UniqueIdentifier>
    </Filter>
    <Filter Include="third-party\glm">
      <UniqueIdentifier>{d18c095d-a58f-4f67-b429-213a6aeef0b4}</UniqueIdentifier>
    </Filter>
    <Filter Include="third-party\glm\detail">
      <UniqueIdentifier>{993b92a9-58d8-4a26-8a65-254b34c86b4b}</UniqueIdentifier>
    </Filter>
    <Filter Include="third-party\glm\ext">
      <UniqueIdentifier>{da7725df-bdb5-4291-81fb-9256aa4164db}</UniqueIdentifier>
    </Filter>
    <Filter Include="third-party\glm\gtc">
      <UniqueIdentifier>{a9075eb2-1163-4c6a-b69b-ffb96e84f40b}</UniqueIdentifier>
    </Filter>
    <Filter Include="third-party\glm\gtx">
      <UniqueIdentifier>{1da80322-1b30-4582-b021-5af1bbed448c}</UniqueIdentifier>
    </Filter>
    <Filter Include="third-party\glm\simd">
      <UniqueIdentifier>{f04bc3c0-2e79-4a04-a3de-089fa468c0e8}</UniqueIdentifier>
    </Filter>
    <Filter Include="third-party\dyncall">
      <UniqueIdentifier>{c9ec86bf-c448-4c4e-8fda-901694716199}</UniqueIdentifier>
    </Filter>
    <Filter Include="third-party\dyncall\lib">
      <UniqueIdentifier>{bffe7a37-f910-42ce-a7a7-7eb836179191}</UniqueIdentifier>
    </Filter>
    <Filter Include="third-party\httplib">
      <UniqueIdentifier>{32b62fbf-1438-453e-a62e-fd22fc3fb426}</UniqueIdentifier>
    </Filter>
    <Filter Include="third-party\leveldb">
      <UniqueIdentifier>{d81870b9-3397-4844-918d-ab3be3026aa3}</UniqueIdentifier>
    </Filter>
    <Filter Include="third-party\leveldb\lib">
      <UniqueIdentifier>{e98e37dc-ed09-4780-a9a0-d537558d1466}</UniqueIdentifier>
    </Filter>
    <Filter Include="include\icore\lib\libDbg">
      <UniqueIdentifier>{48310852-3ff2-4ab7-8736-0388712e5fee}</UniqueIdentifier>
    </Filter>
    <Filter Include="include\icore\lib\libMath">
      <UniqueIdentifier>{4f1c6938-e106-4234-8b8d-2fd1deb5e9a9}</UniqueIdentifier>
    </Filter>
    <Filter Include="include\icore\lib\libIO\console">
      <UniqueIdentifier>{7c8dfd6e-b8f9-48e8-96e2-13ea0be52cd4}</UniqueIdentifier>
    </Filter>
    <Filter Include="include\icore\lib\libIO\file">
      <UniqueIdentifier>{d99e2f8a-7c9b-4498-b019-d23143c58a33}</UniqueIdentifier>
    </Filter>
    <Filter Include="include\icore\exception">
      <UniqueIdentifier>{55604364-b858-48b4-bf79-ecc0e33e5d06}</UniqueIdentifier>
    </Filter>
    <Filter Include="readme">
      <UniqueIdentifier>{7ada44b4-9746-4eab-a175-dc8a9ece55a2}</UniqueIdentifier>
    </Filter>
  </ItemGroup>
  <ItemGroup>
    <ClCompile Include="ibasicLibrary.cpp">
      <Filter>test</Filter>
    </ClCompile>
    <ClCompile Include="..\third-party\glm\detail\glm.cpp">
      <Filter>third-party\glm\detail</Filter>
    </ClCompile>
  </ItemGroup>
  <ItemGroup>
    <Text Include="..\docs\filelist.txt">
      <Filter>docs</Filter>
    </Text>
    <Text Include="..\build\filelist.txt">
      <Filter>build</Filter>
    </Text>
    <Text Include="..\tools\filelist.txt">
      <Filter>tools</Filter>
    </Text>
    <Text Include="..\resource\filelist.txt">
      <Filter>resource</Filter>
    </Text>
    <Text Include="..\third-party\glm\CMakeLists.txt">
      <Filter>third-party\glm</Filter>
    </Text>
  </ItemGroup>
  <ItemGroup>
    <ClInclude Include="..\include\icore\family\imacrofamily.h">
      <Filter>include\icore\family</Filter>
    </ClInclude>
    <ClInclude Include="..\include\icore\type\type\type_traits.hpp">
      <Filter>include\icore\type\type</Filter>
    </ClInclude>
    <ClInclude Include="..\include\icore\type\basic\basic\ibasic.hpp">
      <Filter>include\icore\type\basic\basic</Filter>
    </ClInclude>
    <ClInclude Include="..\include\icore\type\type\type.hpp">
      <Filter>include\icore\type\type</Filter>
    </ClInclude>
    <ClInclude Include="..\include\icore\type\type\concepts.hpp">
      <Filter>include\icore\type\type</Filter>
    </ClInclude>
    <ClInclude Include="..\include\icore\exception\exception.hpp">
      <Filter>include\icore\exception</Filter>
    </ClInclude>
    <ClInclude Include="..\include\icore\type\basic\istring.hpp">
      <Filter>include\icore\type\basic</Filter>
    </ClInclude>
    <ClInclude Include="..\third-party\nlohmann\json.hpp">
      <Filter>third-party\nlohmann</Filter>
    </ClInclude>
    <ClInclude Include="..\include\icore\exception\error.hpp">
      <Filter>include\icore\exception</Filter>
    </ClInclude>
    <ClInclude Include="..\include\icore\exception\errorcode.hpp">
      <Filter>include\icore\exception</Filter>
    </ClInclude>
    <ClInclude Include="..\include\icore\type\filepos.hpp">
      <Filter>include\icore\type</Filter>
    </ClInclude>
    <ClInclude Include="..\include\icore\type\level.hpp">
      <Filter>include\icore\type</Filter>
    </ClInclude>
    <ClInclude Include="..\include\icore\type\basic\basic\position.hpp">
      <Filter>include\icore\type\basic\basic</Filter>
    </ClInclude>
    <ClInclude Include="..\third-party\detours\detours.h">
      <Filter>third-party\detours</Filter>
    </ClInclude>
    <ClInclude Include="..\third-party\detours\detver.h">
      <Filter>third-party\detours</Filter>
    </ClInclude>
    <ClInclude Include="..\third-party\detours\syelog.h">
      <Filter>third-party\detours</Filter>
    </ClInclude>
    <ClInclude Include="..\third-party\nlohmann\adl_serializer.hpp">
      <Filter>third-party\nlohmann</Filter>
    </ClInclude>
    <ClInclude Include="..\third-party\nlohmann\byte_container_with_subtype.hpp">
      <Filter>third-party\nlohmann</Filter>
    </ClInclude>
    <ClInclude Include="..\third-party\nlohmann\json_fwd.hpp">
      <Filter>third-party\nlohmann</Filter>
    </ClInclude>
    <ClInclude Include="..\third-party\nlohmann\ordered_map.hpp">
      <Filter>third-party\nlohmann</Filter>
    </ClInclude>
    <ClInclude Include="..\third-party\nlohmann\detail\exceptions.hpp">
      <Filter>third-party\nlohmann\detail</Filter>
    </ClInclude>
    <ClInclude Include="..\third-party\nlohmann\detail\hash.hpp">
      <Filter>third-party\nlohmann\detail</Filter>
    </ClInclude>
    <ClInclude Include="..\third-party\nlohmann\detail\json_pointer.hpp">
      <Filter>third-party\nlohmann\detail</Filter>
    </ClInclude>
    <ClInclude Include="..\third-party\nlohmann\detail\json_ref.hpp">
      <Filter>third-party\nlohmann\detail</Filter>
    </ClInclude>
    <ClInclude Include="..\third-party\nlohmann\detail\macro_scope.hpp">
      <Filter>third-party\nlohmann\detail</Filter>
    </ClInclude>
    <ClInclude Include="..\third-party\nlohmann\detail\macro_unscope.hpp">
      <Filter>third-party\nlohmann\detail</Filter>
    </ClInclude>
    <ClInclude Include="..\third-party\nlohmann\detail\string_escape.hpp">
      <Filter>third-party\nlohmann\detail</Filter>
    </ClInclude>
    <ClInclude Include="..\third-party\nlohmann\detail\value_t.hpp">
      <Filter>third-party\nlohmann\detail</Filter>
    </ClInclude>
    <ClInclude Include="..\third-party\nlohmann\detail\conversions\from_json.hpp">
      <Filter>third-party\nlohmann\detail\conversions</Filter>
    </ClInclude>
    <ClInclude Include="..\third-party\nlohmann\detail\conversions\to_chars.hpp">
      <Filter>third-party\nlohmann\detail\conversions</Filter>
    </ClInclude>
    <ClInclude Include="..\third-party\nlohmann\detail\conversions\to_json.hpp">
      <Filter>third-party\nlohmann\detail\conversions</Filter>
    </ClInclude>
    <ClInclude Include="..\third-party\nlohmann\detail\input\binary_reader.hpp">
      <Filter>third-party\nlohmann\detail\input</Filter>
    </ClInclude>
    <ClInclude Include="..\third-party\nlohmann\detail\input\input_adapters.hpp">
      <Filter>third-party\nlohmann\detail\input</Filter>
    </ClInclude>
    <ClInclude Include="..\third-party\nlohmann\detail\input\json_sax.hpp">
      <Filter>third-party\nlohmann\detail\input</Filter>
    </ClInclude>
    <ClInclude Include="..\third-party\nlohmann\detail\input\lexer.hpp">
      <Filter>third-party\nlohmann\detail\input</Filter>
    </ClInclude>
    <ClInclude Include="..\third-party\nlohmann\detail\input\parser.hpp">
      <Filter>third-party\nlohmann\detail\input</Filter>
    </ClInclude>
    <ClInclude Include="..\third-party\nlohmann\detail\input\position_t.hpp">
      <Filter>third-party\nlohmann\detail\input</Filter>
    </ClInclude>
    <ClInclude Include="..\third-party\nlohmann\detail\iterators\internal_iterator.hpp">
      <Filter>third-party\nlohmann\detail\iterators</Filter>
    </ClInclude>
    <ClInclude Include="..\third-party\nlohmann\detail\iterators\iter_impl.hpp">
      <Filter>third-party\nlohmann\detail\iterators</Filter>
    </ClInclude>
    <ClInclude Include="..\third-party\nlohmann\detail\iterators\iteration_proxy.hpp">
      <Filter>third-party\nlohmann\detail\iterators</Filter>
    </ClInclude>
    <ClInclude Include="..\third-party\nlohmann\detail\iterators\iterator_traits.hpp">
      <Filter>third-party\nlohmann\detail\iterators</Filter>
    </ClInclude>
    <ClInclude Include="..\third-party\nlohmann\detail\iterators\json_reverse_iterator.hpp">
      <Filter>third-party\nlohmann\detail\iterators</Filter>
    </ClInclude>
    <ClInclude Include="..\third-party\nlohmann\detail\iterators\primitive_iterator.hpp">
      <Filter>third-party\nlohmann\detail\iterators</Filter>
    </ClInclude>
    <ClInclude Include="..\third-party\nlohmann\detail\meta\cpp_future.hpp">
      <Filter>third-party\nlohmann\detail\meta</Filter>
    </ClInclude>
    <ClInclude Include="..\third-party\nlohmann\detail\meta\detected.hpp">
      <Filter>third-party\nlohmann\detail\meta</Filter>
    </ClInclude>
    <ClInclude Include="..\third-party\nlohmann\detail\meta\identity_tag.hpp">
      <Filter>third-party\nlohmann\detail\meta</Filter>
    </ClInclude>
    <ClInclude Include="..\third-party\nlohmann\detail\meta\is_sax.hpp">
      <Filter>third-party\nlohmann\detail\meta</Filter>
    </ClInclude>
    <ClInclude Include="..\third-party\nlohmann\detail\meta\type_traits.hpp">
      <Filter>third-party\nlohmann\detail\meta</Filter>
    </ClInclude>
    <ClInclude Include="..\third-party\nlohmann\detail\meta\void_t.hpp">
      <Filter>third-party\nlohmann\detail\meta</Filter>
    </ClInclude>
    <ClInclude Include="..\third-party\nlohmann\detail\meta\call_std\begin.hpp">
      <Filter>third-party\nlohmann\detail\meta\call_std</Filter>
    </ClInclude>
    <ClInclude Include="..\third-party\nlohmann\detail\meta\call_std\end.hpp">
      <Filter>third-party\nlohmann\detail\meta\call_std</Filter>
    </ClInclude>
    <ClInclude Include="..\third-party\nlohmann\detail\output\binary_writer.hpp">
      <Filter>third-party\nlohmann\detail\output</Filter>
    </ClInclude>
    <ClInclude Include="..\third-party\nlohmann\detail\output\output_adapters.hpp">
      <Filter>third-party\nlohmann\detail\output</Filter>
    </ClInclude>
    <ClInclude Include="..\third-party\nlohmann\detail\output\serializer.hpp">
      <Filter>third-party\nlohmann\detail\output</Filter>
    </ClInclude>
    <ClInclude Include="..\include\icore\family\ifamily.hpp">
      <Filter>include\icore\family</Filter>
    </ClInclude>
    <ClInclude Include="..\include\icore\type\istring.hpp">
      <Filter>include\icore\type</Filter>
    </ClInclude>
    <ClInclude Include="..\include\icore\lib\libmath\math.h">
      <Filter>include\icore\lib\libMath</Filter>
    </ClInclude>
    <ClInclude Include="..\include\icore\lib\libmath\rect.hpp">
      <Filter>include\icore\lib\libMath</Filter>
    </ClInclude>
    <ClInclude Include="..\include\icore\lib\libmath\vec2.hpp">
      <Filter>include\icore\lib\libMath</Filter>
    </ClInclude>
    <ClInclude Include="..\include\icore\lib\libmath\vec3.hpp">
      <Filter>include\icore\lib\libMath</Filter>
    </ClInclude>
    <ClInclude Include="..\include\icore\lib\libmath\vec4.hpp">
      <Filter>include\icore\lib\libMath</Filter>
    </ClInclude>
    <ClInclude Include="..\include\icore\lib\libProcess\process.h">
      <Filter>include\icore\lib\libProcess</Filter>
    </ClInclude>
    <ClInclude Include="..\include\icore\lib\libIO\file.h">
      <Filter>include\icore\lib\libIO</Filter>
    </ClInclude>
    <ClInclude Include="..\include\icore\lib\libIO\console.h">
      <Filter>include\icore\lib\libIO</Filter>
    </ClInclude>
    <ClInclude Include="resource.h">
      <Filter>resource</Filter>
    </ClInclude>
    <ClInclude Include="..\include\icore\type\time.hpp">
      <Filter>include\icore\type</Filter>
    </ClInclude>
    <ClInclude Include="..\include\icore\lib\libmath\matrix.hpp">
      <Filter>include\icore\lib\libMath</Filter>
    </ClInclude>
    <ClInclude Include="..\include\icore\lib\libIO\ifilesystem.h">
      <Filter>include\icore\lib\libIO</Filter>
    </ClInclude>
    <ClInclude Include="..\include\icore\type\color.hpp">
      <Filter>include\icore\type</Filter>
    </ClInclude>
    <ClInclude Include="..\third-party\glm\common.hpp">
      <Filter>third-party\glm</Filter>
    </ClInclude>
    <ClInclude Include="..\third-party\glm\exponential.hpp">
      <Filter>third-party\glm</Filter>
    </ClInclude>
    <ClInclude Include="..\third-party\glm\ext.hpp">
      <Filter>third-party\glm</Filter>
    </ClInclude>
    <ClInclude Include="..\third-party\glm\fwd.hpp">
      <Filter>third-party\glm</Filter>
    </ClInclude>
    <ClInclude Include="..\third-party\glm\geometric.hpp">
      <Filter>third-party\glm</Filter>
    </ClInclude>
    <ClInclude Include="..\third-party\glm\glm.hpp">
      <Filter>third-party\glm</Filter>
    </ClInclude>
    <ClInclude Include="..\third-party\glm\integer.hpp">
      <Filter>third-party\glm</Filter>
    </ClInclude>
    <ClInclude Include="..\third-party\glm\mat2x2.hpp">
      <Filter>third-party\glm</Filter>
    </ClInclude>
    <ClInclude Include="..\third-party\glm\mat2x3.hpp">
      <Filter>third-party\glm</Filter>
    </ClInclude>
    <ClInclude Include="..\third-party\glm\mat2x4.hpp">
      <Filter>third-party\glm</Filter>
    </ClInclude>
    <ClInclude Include="..\third-party\glm\mat3x2.hpp">
      <Filter>third-party\glm</Filter>
    </ClInclude>
    <ClInclude Include="..\third-party\glm\mat3x3.hpp">
      <Filter>third-party\glm</Filter>
    </ClInclude>
    <ClInclude Include="..\third-party\glm\mat3x4.hpp">
      <Filter>third-party\glm</Filter>
    </ClInclude>
    <ClInclude Include="..\third-party\glm\mat4x2.hpp">
      <Filter>third-party\glm</Filter>
    </ClInclude>
    <ClInclude Include="..\third-party\glm\mat4x3.hpp">
      <Filter>third-party\glm</Filter>
    </ClInclude>
    <ClInclude Include="..\third-party\glm\mat4x4.hpp">
      <Filter>third-party\glm</Filter>
    </ClInclude>
    <ClInclude Include="..\third-party\glm\matrix.hpp">
      <Filter>third-party\glm</Filter>
    </ClInclude>
    <ClInclude Include="..\third-party\glm\packing.hpp">
      <Filter>third-party\glm</Filter>
    </ClInclude>
    <ClInclude Include="..\third-party\glm\trigonometric.hpp">
      <Filter>third-party\glm</Filter>
    </ClInclude>
    <ClInclude Include="..\third-party\glm\vec2.hpp">
      <Filter>third-party\glm</Filter>
    </ClInclude>
    <ClInclude Include="..\third-party\glm\vec3.hpp">
      <Filter>third-party\glm</Filter>
    </ClInclude>
    <ClInclude Include="..\third-party\glm\vec4.hpp">
      <Filter>third-party\glm</Filter>
    </ClInclude>
    <ClInclude Include="..\third-party\glm\vector_relational.hpp">
      <Filter>third-party\glm</Filter>
    </ClInclude>
    <ClInclude Include="..\third-party\glm\detail\_features.hpp">
      <Filter>third-party\glm\detail</Filter>
    </ClInclude>
    <ClInclude Include="..\third-party\glm\detail\_fixes.hpp">
      <Filter>third-party\glm\detail</Filter>
    </ClInclude>
    <ClInclude Include="..\third-party\glm\detail\_noise.hpp">
      <Filter>third-party\glm\detail</Filter>
    </ClInclude>
    <ClInclude Include="..\third-party\glm\detail\_swizzle.hpp">
      <Filter>third-party\glm\detail</Filter>
    </ClInclude>
    <ClInclude Include="..\third-party\glm\detail\_swizzle_func.hpp">
      <Filter>third-party\glm\detail</Filter>
    </ClInclude>
    <ClInclude Include="..\third-party\glm\detail\_vectorize.hpp">
      <Filter>third-party\glm\detail</Filter>
    </ClInclude>
    <ClInclude Include="..\third-party\glm\detail\compute_common.hpp">
      <Filter>third-party\glm\detail</Filter>
    </ClInclude>
    <ClInclude Include="..\third-party\glm\detail\compute_vector_relational.hpp">
      <Filter>third-party\glm\detail</Filter>
    </ClInclude>
    <ClInclude Include="..\third-party\glm\detail\qualifier.hpp">
      <Filter>third-party\glm\detail</Filter>
    </ClInclude>
    <ClInclude Include="..\third-party\glm\detail\setup.hpp">
      <Filter>third-party\glm\detail</Filter>
    </ClInclude>
    <ClInclude Include="..\third-party\glm\detail\type_float.hpp">
      <Filter>third-party\glm\detail</Filter>
    </ClInclude>
    <ClInclude Include="..\third-party\glm\detail\type_half.hpp">
      <Filter>third-party\glm\detail</Filter>
    </ClInclude>
    <ClInclude Include="..\third-party\glm\detail\type_mat2x2.hpp">
      <Filter>third-party\glm\detail</Filter>
    </ClInclude>
    <ClInclude Include="..\third-party\glm\detail\type_mat2x3.hpp">
      <Filter>third-party\glm\detail</Filter>
    </ClInclude>
    <ClInclude Include="..\third-party\glm\detail\type_mat2x4.hpp">
      <Filter>third-party\glm\detail</Filter>
    </ClInclude>
    <ClInclude Include="..\third-party\glm\detail\type_mat3x2.hpp">
      <Filter>third-party\glm\detail</Filter>
    </ClInclude>
    <ClInclude Include="..\third-party\glm\detail\type_mat3x3.hpp">
      <Filter>third-party\glm\detail</Filter>
    </ClInclude>
    <ClInclude Include="..\third-party\glm\detail\type_mat3x4.hpp">
      <Filter>third-party\glm\detail</Filter>
    </ClInclude>
    <ClInclude Include="..\third-party\glm\detail\type_mat4x2.hpp">
      <Filter>third-party\glm\detail</Filter>
    </ClInclude>
    <ClInclude Include="..\third-party\glm\detail\type_mat4x3.hpp">
      <Filter>third-party\glm\detail</Filter>
    </ClInclude>
    <ClInclude Include="..\third-party\glm\detail\type_mat4x4.hpp">
      <Filter>third-party\glm\detail</Filter>
    </ClInclude>
    <ClInclude Include="..\third-party\glm\detail\type_quat.hpp">
      <Filter>third-party\glm\detail</Filter>
    </ClInclude>
    <ClInclude Include="..\third-party\glm\detail\type_vec1.hpp">
      <Filter>third-party\glm\detail</Filter>
    </ClInclude>
    <ClInclude Include="..\third-party\glm\detail\type_vec2.hpp">
      <Filter>third-party\glm\detail</Filter>
    </ClInclude>
    <ClInclude Include="..\third-party\glm\detail\type_vec3.hpp">
      <Filter>third-party\glm\detail</Filter>
    </ClInclude>
    <ClInclude Include="..\third-party\glm\detail\type_vec4.hpp">
      <Filter>third-party\glm\detail</Filter>
    </ClInclude>
    <ClInclude Include="..\third-party\glm\ext\matrix_clip_space.hpp">
      <Filter>third-party\glm\ext</Filter>
    </ClInclude>
    <ClInclude Include="..\third-party\glm\ext\matrix_common.hpp">
      <Filter>third-party\glm\ext</Filter>
    </ClInclude>
    <ClInclude Include="..\third-party\glm\ext\matrix_double2x2.hpp">
      <Filter>third-party\glm\ext</Filter>
    </ClInclude>
    <ClInclude Include="..\third-party\glm\ext\matrix_double2x2_precision.hpp">
      <Filter>third-party\glm\ext</Filter>
    </ClInclude>
    <ClInclude Include="..\third-party\glm\ext\matrix_double2x3.hpp">
      <Filter>third-party\glm\ext</Filter>
    </ClInclude>
    <ClInclude Include="..\third-party\glm\ext\matrix_double2x3_precision.hpp">
      <Filter>third-party\glm\ext</Filter>
    </ClInclude>
    <ClInclude Include="..\third-party\glm\ext\matrix_double2x4.hpp">
      <Filter>third-party\glm\ext</Filter>
    </ClInclude>
    <ClInclude Include="..\third-party\glm\ext\matrix_double2x4_precision.hpp">
      <Filter>third-party\glm\ext</Filter>
    </ClInclude>
    <ClInclude Include="..\third-party\glm\ext\matrix_double3x2.hpp">
      <Filter>third-party\glm\ext</Filter>
    </ClInclude>
    <ClInclude Include="..\third-party\glm\ext\matrix_double3x2_precision.hpp">
      <Filter>third-party\glm\ext</Filter>
    </ClInclude>
    <ClInclude Include="..\third-party\glm\ext\matrix_double3x3.hpp">
      <Filter>third-party\glm\ext</Filter>
    </ClInclude>
    <ClInclude Include="..\third-party\glm\ext\matrix_double3x3_precision.hpp">
      <Filter>third-party\glm\ext</Filter>
    </ClInclude>
    <ClInclude Include="..\third-party\glm\ext\matrix_double3x4.hpp">
      <Filter>third-party\glm\ext</Filter>
    </ClInclude>
    <ClInclude Include="..\third-party\glm\ext\matrix_double3x4_precision.hpp">
      <Filter>third-party\glm\ext</Filter>
    </ClInclude>
    <ClInclude Include="..\third-party\glm\ext\matrix_double4x2.hpp">
      <Filter>third-party\glm\ext</Filter>
    </ClInclude>
    <ClInclude Include="..\third-party\glm\ext\matrix_double4x2_precision.hpp">
      <Filter>third-party\glm\ext</Filter>
    </ClInclude>
    <ClInclude Include="..\third-party\glm\ext\matrix_double4x3.hpp">
      <Filter>third-party\glm\ext</Filter>
    </ClInclude>
    <ClInclude Include="..\third-party\glm\ext\matrix_double4x3_precision.hpp">
      <Filter>third-party\glm\ext</Filter>
    </ClInclude>
    <ClInclude Include="..\third-party\glm\ext\matrix_double4x4.hpp">
      <Filter>third-party\glm\ext</Filter>
    </ClInclude>
    <ClInclude Include="..\third-party\glm\ext\matrix_double4x4_precision.hpp">
      <Filter>third-party\glm\ext</Filter>
    </ClInclude>
    <ClInclude Include="..\third-party\glm\ext\matrix_float2x2.hpp">
      <Filter>third-party\glm\ext</Filter>
    </ClInclude>
    <ClInclude Include="..\third-party\glm\ext\matrix_float2x2_precision.hpp">
      <Filter>third-party\glm\ext</Filter>
    </ClInclude>
    <ClInclude Include="..\third-party\glm\ext\matrix_float2x3.hpp">
      <Filter>third-party\glm\ext</Filter>
    </ClInclude>
    <ClInclude Include="..\third-party\glm\ext\matrix_float2x3_precision.hpp">
      <Filter>third-party\glm\ext</Filter>
    </ClInclude>
    <ClInclude Include="..\third-party\glm\ext\matrix_float2x4.hpp">
      <Filter>third-party\glm\ext</Filter>
    </ClInclude>
    <ClInclude Include="..\third-party\glm\ext\matrix_float2x4_precision.hpp">
      <Filter>third-party\glm\ext</Filter>
    </ClInclude>
    <ClInclude Include="..\third-party\glm\ext\matrix_float3x2.hpp">
      <Filter>third-party\glm\ext</Filter>
    </ClInclude>
    <ClInclude Include="..\third-party\glm\ext\matrix_float3x2_precision.hpp">
      <Filter>third-party\glm\ext</Filter>
    </ClInclude>
    <ClInclude Include="..\third-party\glm\ext\matrix_float3x3.hpp">
      <Filter>third-party\glm\ext</Filter>
    </ClInclude>
    <ClInclude Include="..\third-party\glm\ext\matrix_float3x3_precision.hpp">
      <Filter>third-party\glm\ext</Filter>
    </ClInclude>
    <ClInclude Include="..\third-party\glm\ext\matrix_float3x4.hpp">
      <Filter>third-party\glm\ext</Filter>
    </ClInclude>
    <ClInclude Include="..\third-party\glm\ext\matrix_float3x4_precision.hpp">
      <Filter>third-party\glm\ext</Filter>
    </ClInclude>
    <ClInclude Include="..\third-party\glm\ext\matrix_float4x2.hpp">
      <Filter>third-party\glm\ext</Filter>
    </ClInclude>
    <ClInclude Include="..\third-party\glm\ext\matrix_float4x2_precision.hpp">
      <Filter>third-party\glm\ext</Filter>
    </ClInclude>
    <ClInclude Include="..\third-party\glm\ext\matrix_float4x3.hpp">
      <Filter>third-party\glm\ext</Filter>
    </ClInclude>
    <ClInclude Include="..\third-party\glm\ext\matrix_float4x3_precision.hpp">
      <Filter>third-party\glm\ext</Filter>
    </ClInclude>
    <ClInclude Include="..\third-party\glm\ext\matrix_float4x4.hpp">
      <Filter>third-party\glm\ext</Filter>
    </ClInclude>
    <ClInclude Include="..\third-party\glm\ext\matrix_float4x4_precision.hpp">
      <Filter>third-party\glm\ext</Filter>
    </ClInclude>
    <ClInclude Include="..\third-party\glm\ext\matrix_int2x2.hpp">
      <Filter>third-party\glm\ext</Filter>
    </ClInclude>
    <ClInclude Include="..\third-party\glm\ext\matrix_int2x2_sized.hpp">
      <Filter>third-party\glm\ext</Filter>
    </ClInclude>
    <ClInclude Include="..\third-party\glm\ext\matrix_int2x3.hpp">
      <Filter>third-party\glm\ext</Filter>
    </ClInclude>
    <ClInclude Include="..\third-party\glm\ext\matrix_int2x3_sized.hpp">
      <Filter>third-party\glm\ext</Filter>
    </ClInclude>
    <ClInclude Include="..\third-party\glm\ext\matrix_int2x4.hpp">
      <Filter>third-party\glm\ext</Filter>
    </ClInclude>
    <ClInclude Include="..\third-party\glm\ext\matrix_int2x4_sized.hpp">
      <Filter>third-party\glm\ext</Filter>
    </ClInclude>
    <ClInclude Include="..\third-party\glm\ext\matrix_int3x2.hpp">
      <Filter>third-party\glm\ext</Filter>
    </ClInclude>
    <ClInclude Include="..\third-party\glm\ext\matrix_int3x2_sized.hpp">
      <Filter>third-party\glm\ext</Filter>
    </ClInclude>
    <ClInclude Include="..\third-party\glm\ext\matrix_int3x3.hpp">
      <Filter>third-party\glm\ext</Filter>
    </ClInclude>
    <ClInclude Include="..\third-party\glm\ext\matrix_int3x3_sized.hpp">
      <Filter>third-party\glm\ext</Filter>
    </ClInclude>
    <ClInclude Include="..\third-party\glm\ext\matrix_int3x4.hpp">
      <Filter>third-party\glm\ext</Filter>
    </ClInclude>
    <ClInclude Include="..\third-party\glm\ext\matrix_int3x4_sized.hpp">
      <Filter>third-party\glm\ext</Filter>
    </ClInclude>
    <ClInclude Include="..\third-party\glm\ext\matrix_int4x2.hpp">
      <Filter>third-party\glm\ext</Filter>
    </ClInclude>
    <ClInclude Include="..\third-party\glm\ext\matrix_int4x2_sized.hpp">
      <Filter>third-party\glm\ext</Filter>
    </ClInclude>
    <ClInclude Include="..\third-party\glm\ext\matrix_int4x3.hpp">
      <Filter>third-party\glm\ext</Filter>
    </ClInclude>
    <ClInclude Include="..\third-party\glm\ext\matrix_int4x3_sized.hpp">
      <Filter>third-party\glm\ext</Filter>
    </ClInclude>
    <ClInclude Include="..\third-party\glm\ext\matrix_int4x4.hpp">
      <Filter>third-party\glm\ext</Filter>
    </ClInclude>
    <ClInclude Include="..\third-party\glm\ext\matrix_int4x4_sized.hpp">
      <Filter>third-party\glm\ext</Filter>
    </ClInclude>
    <ClInclude Include="..\third-party\glm\ext\matrix_projection.hpp">
      <Filter>third-party\glm\ext</Filter>
    </ClInclude>
    <ClInclude Include="..\third-party\glm\ext\matrix_relational.hpp">
      <Filter>third-party\glm\ext</Filter>
    </ClInclude>
    <ClInclude Include="..\third-party\glm\ext\matrix_transform.hpp">
      <Filter>third-party\glm\ext</Filter>
    </ClInclude>
    <ClInclude Include="..\third-party\glm\ext\matrix_uint2x2.hpp">
      <Filter>third-party\glm\ext</Filter>
    </ClInclude>
    <ClInclude Include="..\third-party\glm\ext\matrix_uint2x2_sized.hpp">
      <Filter>third-party\glm\ext</Filter>
    </ClInclude>
    <ClInclude Include="..\third-party\glm\ext\matrix_uint2x3.hpp">
      <Filter>third-party\glm\ext</Filter>
    </ClInclude>
    <ClInclude Include="..\third-party\glm\ext\matrix_uint2x3_sized.hpp">
      <Filter>third-party\glm\ext</Filter>
    </ClInclude>
    <ClInclude Include="..\third-party\glm\ext\matrix_uint2x4.hpp">
      <Filter>third-party\glm\ext</Filter>
    </ClInclude>
    <ClInclude Include="..\third-party\glm\ext\matrix_uint2x4_sized.hpp">
      <Filter>third-party\glm\ext</Filter>
    </ClInclude>
    <ClInclude Include="..\third-party\glm\ext\matrix_uint3x2.hpp">
      <Filter>third-party\glm\ext</Filter>
    </ClInclude>
    <ClInclude Include="..\third-party\glm\ext\matrix_uint3x2_sized.hpp">
      <Filter>third-party\glm\ext</Filter>
    </ClInclude>
    <ClInclude Include="..\third-party\glm\ext\matrix_uint3x3.hpp">
      <Filter>third-party\glm\ext</Filter>
    </ClInclude>
    <ClInclude Include="..\third-party\glm\ext\matrix_uint3x3_sized.hpp">
      <Filter>third-party\glm\ext</Filter>
    </ClInclude>
    <ClInclude Include="..\third-party\glm\ext\matrix_uint3x4.hpp">
      <Filter>third-party\glm\ext</Filter>
    </ClInclude>
    <ClInclude Include="..\third-party\glm\ext\matrix_uint3x4_sized.hpp">
      <Filter>third-party\glm\ext</Filter>
    </ClInclude>
    <ClInclude Include="..\third-party\glm\ext\matrix_uint4x2.hpp">
      <Filter>third-party\glm\ext</Filter>
    </ClInclude>
    <ClInclude Include="..\third-party\glm\ext\matrix_uint4x2_sized.hpp">
      <Filter>third-party\glm\ext</Filter>
    </ClInclude>
    <ClInclude Include="..\third-party\glm\ext\matrix_uint4x3.hpp">
      <Filter>third-party\glm\ext</Filter>
    </ClInclude>
    <ClInclude Include="..\third-party\glm\ext\matrix_uint4x3_sized.hpp">
      <Filter>third-party\glm\ext</Filter>
    </ClInclude>
    <ClInclude Include="..\third-party\glm\ext\matrix_uint4x4.hpp">
      <Filter>third-party\glm\ext</Filter>
    </ClInclude>
    <ClInclude Include="..\third-party\glm\ext\matrix_uint4x4_sized.hpp">
      <Filter>third-party\glm\ext</Filter>
    </ClInclude>
    <ClInclude Include="..\third-party\glm\ext\quaternion_common.hpp">
      <Filter>third-party\glm\ext</Filter>
    </ClInclude>
    <ClInclude Include="..\third-party\glm\ext\quaternion_double.hpp">
      <Filter>third-party\glm\ext</Filter>
    </ClInclude>
    <ClInclude Include="..\third-party\glm\ext\quaternion_double_precision.hpp">
      <Filter>third-party\glm\ext</Filter>
    </ClInclude>
    <ClInclude Include="..\third-party\glm\ext\quaternion_exponential.hpp">
      <Filter>third-party\glm\ext</Filter>
    </ClInclude>
    <ClInclude Include="..\third-party\glm\ext\quaternion_float.hpp">
      <Filter>third-party\glm\ext</Filter>
    </ClInclude>
    <ClInclude Include="..\third-party\glm\ext\quaternion_float_precision.hpp">
      <Filter>third-party\glm\ext</Filter>
    </ClInclude>
    <ClInclude Include="..\third-party\glm\ext\quaternion_geometric.hpp">
      <Filter>third-party\glm\ext</Filter>
    </ClInclude>
    <ClInclude Include="..\third-party\glm\ext\quaternion_relational.hpp">
      <Filter>third-party\glm\ext</Filter>
    </ClInclude>
    <ClInclude Include="..\third-party\glm\ext\quaternion_transform.hpp">
      <Filter>third-party\glm\ext</Filter>
    </ClInclude>
    <ClInclude Include="..\third-party\glm\ext\quaternion_trigonometric.hpp">
      <Filter>third-party\glm\ext</Filter>
    </ClInclude>
    <ClInclude Include="..\third-party\glm\ext\scalar_common.hpp">
      <Filter>third-party\glm\ext</Filter>
    </ClInclude>
    <ClInclude Include="..\third-party\glm\ext\scalar_constants.hpp">
      <Filter>third-party\glm\ext</Filter>
    </ClInclude>
    <ClInclude Include="..\third-party\glm\ext\scalar_int_sized.hpp">
      <Filter>third-party\glm\ext</Filter>
    </ClInclude>
    <ClInclude Include="..\third-party\glm\ext\scalar_integer.hpp">
      <Filter>third-party\glm\ext</Filter>
    </ClInclude>
    <ClInclude Include="..\third-party\glm\ext\scalar_packing.hpp">
      <Filter>third-party\glm\ext</Filter>
    </ClInclude>
    <ClInclude Include="..\third-party\glm\ext\scalar_relational.hpp">
      <Filter>third-party\glm\ext</Filter>
    </ClInclude>
    <ClInclude Include="..\third-party\glm\ext\scalar_uint_sized.hpp">
      <Filter>third-party\glm\ext</Filter>
    </ClInclude>
    <ClInclude Include="..\third-party\glm\ext\scalar_ulp.hpp">
      <Filter>third-party\glm\ext</Filter>
    </ClInclude>
    <ClInclude Include="..\third-party\glm\ext\vector_bool1.hpp">
      <Filter>third-party\glm\ext</Filter>
    </ClInclude>
    <ClInclude Include="..\third-party\glm\ext\vector_bool1_precision.hpp">
      <Filter>third-party\glm\ext</Filter>
    </ClInclude>
    <ClInclude Include="..\third-party\glm\ext\vector_bool2.hpp">
      <Filter>third-party\glm\ext</Filter>
    </ClInclude>
    <ClInclude Include="..\third-party\glm\ext\vector_bool2_precision.hpp">
      <Filter>third-party\glm\ext</Filter>
    </ClInclude>
    <ClInclude Include="..\third-party\glm\ext\vector_bool3.hpp">
      <Filter>third-party\glm\ext</Filter>
    </ClInclude>
    <ClInclude Include="..\third-party\glm\ext\vector_bool3_precision.hpp">
      <Filter>third-party\glm\ext</Filter>
    </ClInclude>
    <ClInclude Include="..\third-party\glm\ext\vector_bool4.hpp">
      <Filter>third-party\glm\ext</Filter>
    </ClInclude>
    <ClInclude Include="..\third-party\glm\ext\vector_bool4_precision.hpp">
      <Filter>third-party\glm\ext</Filter>
    </ClInclude>
    <ClInclude Include="..\third-party\glm\ext\vector_common.hpp">
      <Filter>third-party\glm\ext</Filter>
    </ClInclude>
    <ClInclude Include="..\third-party\glm\ext\vector_double1.hpp">
      <Filter>third-party\glm\ext</Filter>
    </ClInclude>
    <ClInclude Include="..\third-party\glm\ext\vector_double1_precision.hpp">
      <Filter>third-party\glm\ext</Filter>
    </ClInclude>
    <ClInclude Include="..\third-party\glm\ext\vector_double2.hpp">
      <Filter>third-party\glm\ext</Filter>
    </ClInclude>
    <ClInclude Include="..\third-party\glm\ext\vector_double2_precision.hpp">
      <Filter>third-party\glm\ext</Filter>
    </ClInclude>
    <ClInclude Include="..\third-party\glm\ext\vector_double3.hpp">
      <Filter>third-party\glm\ext</Filter>
    </ClInclude>
    <ClInclude Include="..\third-party\glm\ext\vector_double3_precision.hpp">
      <Filter>third-party\glm\ext</Filter>
    </ClInclude>
    <ClInclude Include="..\third-party\glm\ext\vector_double4.hpp">
      <Filter>third-party\glm\ext</Filter>
    </ClInclude>
    <ClInclude Include="..\third-party\glm\ext\vector_double4_precision.hpp">
      <Filter>third-party\glm\ext</Filter>
    </ClInclude>
    <ClInclude Include="..\third-party\glm\ext\vector_float1.hpp">
      <Filter>third-party\glm\ext</Filter>
    </ClInclude>
    <ClInclude Include="..\third-party\glm\ext\vector_float1_precision.hpp">
      <Filter>third-party\glm\ext</Filter>
    </ClInclude>
    <ClInclude Include="..\third-party\glm\ext\vector_float2.hpp">
      <Filter>third-party\glm\ext</Filter>
    </ClInclude>
    <ClInclude Include="..\third-party\glm\ext\vector_float2_precision.hpp">
      <Filter>third-party\glm\ext</Filter>
    </ClInclude>
    <ClInclude Include="..\third-party\glm\ext\vector_float3.hpp">
      <Filter>third-party\glm\ext</Filter>
    </ClInclude>
    <ClInclude Include="..\third-party\glm\ext\vector_float3_precision.hpp">
      <Filter>third-party\glm\ext</Filter>
    </ClInclude>
    <ClInclude Include="..\third-party\glm\ext\vector_float4.hpp">
      <Filter>third-party\glm\ext</Filter>
    </ClInclude>
    <ClInclude Include="..\third-party\glm\ext\vector_float4_precision.hpp">
      <Filter>third-party\glm\ext</Filter>
    </ClInclude>
    <ClInclude Include="..\third-party\glm\ext\vector_int1.hpp">
      <Filter>third-party\glm\ext</Filter>
    </ClInclude>
    <ClInclude Include="..\third-party\glm\ext\vector_int1_sized.hpp">
      <Filter>third-party\glm\ext</Filter>
    </ClInclude>
    <ClInclude Include="..\third-party\glm\ext\vector_int2.hpp">
      <Filter>third-party\glm\ext</Filter>
    </ClInclude>
    <ClInclude Include="..\third-party\glm\ext\vector_int2_sized.hpp">
      <Filter>third-party\glm\ext</Filter>
    </ClInclude>
    <ClInclude Include="..\third-party\glm\ext\vector_int3.hpp">
      <Filter>third-party\glm\ext</Filter>
    </ClInclude>
    <ClInclude Include="..\third-party\glm\ext\vector_int3_sized.hpp">
      <Filter>third-party\glm\ext</Filter>
    </ClInclude>
    <ClInclude Include="..\third-party\glm\ext\vector_int4.hpp">
      <Filter>third-party\glm\ext</Filter>
    </ClInclude>
    <ClInclude Include="..\third-party\glm\ext\vector_int4_sized.hpp">
      <Filter>third-party\glm\ext</Filter>
    </ClInclude>
    <ClInclude Include="..\third-party\glm\ext\vector_integer.hpp">
      <Filter>third-party\glm\ext</Filter>
    </ClInclude>
    <ClInclude Include="..\third-party\glm\ext\vector_packing.hpp">
      <Filter>third-party\glm\ext</Filter>
    </ClInclude>
    <ClInclude Include="..\third-party\glm\ext\vector_relational.hpp">
      <Filter>third-party\glm\ext</Filter>
    </ClInclude>
    <ClInclude Include="..\third-party\glm\ext\vector_uint1.hpp">
      <Filter>third-party\glm\ext</Filter>
    </ClInclude>
    <ClInclude Include="..\third-party\glm\ext\vector_uint1_sized.hpp">
      <Filter>third-party\glm\ext</Filter>
    </ClInclude>
    <ClInclude Include="..\third-party\glm\ext\vector_uint2.hpp">
      <Filter>third-party\glm\ext</Filter>
    </ClInclude>
    <ClInclude Include="..\third-party\glm\ext\vector_uint2_sized.hpp">
      <Filter>third-party\glm\ext</Filter>
    </ClInclude>
    <ClInclude Include="..\third-party\glm\ext\vector_uint3.hpp">
      <Filter>third-party\glm\ext</Filter>
    </ClInclude>
    <ClInclude Include="..\third-party\glm\ext\vector_uint3_sized.hpp">
      <Filter>third-party\glm\ext</Filter>
    </ClInclude>
    <ClInclude Include="..\third-party\glm\ext\vector_uint4.hpp">
      <Filter>third-party\glm\ext</Filter>
    </ClInclude>
    <ClInclude Include="..\third-party\glm\ext\vector_uint4_sized.hpp">
      <Filter>third-party\glm\ext</Filter>
    </ClInclude>
    <ClInclude Include="..\third-party\glm\ext\vector_ulp.hpp">
      <Filter>third-party\glm\ext</Filter>
    </ClInclude>
    <ClInclude Include="..\third-party\glm\gtc\bitfield.hpp">
      <Filter>third-party\glm\gtc</Filter>
    </ClInclude>
    <ClInclude Include="..\third-party\glm\gtc\color_space.hpp">
      <Filter>third-party\glm\gtc</Filter>
    </ClInclude>
    <ClInclude Include="..\third-party\glm\gtc\constants.hpp">
      <Filter>third-party\glm\gtc</Filter>
    </ClInclude>
    <ClInclude Include="..\third-party\glm\gtc\epsilon.hpp">
      <Filter>third-party\glm\gtc</Filter>
    </ClInclude>
    <ClInclude Include="..\third-party\glm\gtc\integer.hpp">
      <Filter>third-party\glm\gtc</Filter>
    </ClInclude>
    <ClInclude Include="..\third-party\glm\gtc\matrix_access.hpp">
      <Filter>third-party\glm\gtc</Filter>
    </ClInclude>
    <ClInclude Include="..\third-party\glm\gtc\matrix_integer.hpp">
      <Filter>third-party\glm\gtc</Filter>
    </ClInclude>
    <ClInclude Include="..\third-party\glm\gtc\matrix_inverse.hpp">
      <Filter>third-party\glm\gtc</Filter>
    </ClInclude>
    <ClInclude Include="..\third-party\glm\gtc\matrix_transform.hpp">
      <Filter>third-party\glm\gtc</Filter>
    </ClInclude>
    <ClInclude Include="..\third-party\glm\gtc\noise.hpp">
      <Filter>third-party\glm\gtc</Filter>
    </ClInclude>
    <ClInclude Include="..\third-party\glm\gtc\packing.hpp">
      <Filter>third-party\glm\gtc</Filter>
    </ClInclude>
    <ClInclude Include="..\third-party\glm\gtc\quaternion.hpp">
      <Filter>third-party\glm\gtc</Filter>
    </ClInclude>
    <ClInclude Include="..\third-party\glm\gtc\random.hpp">
      <Filter>third-party\glm\gtc</Filter>
    </ClInclude>
    <ClInclude Include="..\third-party\glm\gtc\reciprocal.hpp">
      <Filter>third-party\glm\gtc</Filter>
    </ClInclude>
    <ClInclude Include="..\third-party\glm\gtc\round.hpp">
      <Filter>third-party\glm\gtc</Filter>
    </ClInclude>
    <ClInclude Include="..\third-party\glm\gtc\type_aligned.hpp">
      <Filter>third-party\glm\gtc</Filter>
    </ClInclude>
    <ClInclude Include="..\third-party\glm\gtc\type_precision.hpp">
      <Filter>third-party\glm\gtc</Filter>
    </ClInclude>
    <ClInclude Include="..\third-party\glm\gtc\type_ptr.hpp">
      <Filter>third-party\glm\gtc</Filter>
    </ClInclude>
    <ClInclude Include="..\third-party\glm\gtc\ulp.hpp">
      <Filter>third-party\glm\gtc</Filter>
    </ClInclude>
    <ClInclude Include="..\third-party\glm\gtc\vec1.hpp">
      <Filter>third-party\glm\gtc</Filter>
    </ClInclude>
    <ClInclude Include="..\third-party\glm\gtx\associated_min_max.hpp">
      <Filter>third-party\glm\gtx</Filter>
    </ClInclude>
    <ClInclude Include="..\third-party\glm\gtx\bit.hpp">
      <Filter>third-party\glm\gtx</Filter>
    </ClInclude>
    <ClInclude Include="..\third-party\glm\gtx\closest_point.hpp">
      <Filter>third-party\glm\gtx</Filter>
    </ClInclude>
    <ClInclude Include="..\third-party\glm\gtx\color_encoding.hpp">
      <Filter>third-party\glm\gtx</Filter>
    </ClInclude>
    <ClInclude Include="..\third-party\glm\gtx\color_space.hpp">
      <Filter>third-party\glm\gtx</Filter>
    </ClInclude>
    <ClInclude Include="..\third-party\glm\gtx\color_space_YCoCg.hpp">
      <Filter>third-party\glm\gtx</Filter>
    </ClInclude>
    <ClInclude Include="..\third-party\glm\gtx\common.hpp">
      <Filter>third-party\glm\gtx</Filter>
    </ClInclude>
    <ClInclude Include="..\third-party\glm\gtx\compatibility.hpp">
      <Filter>third-party\glm\gtx</Filter>
    </ClInclude>
    <ClInclude Include="..\third-party\glm\gtx\component_wise.hpp">
      <Filter>third-party\glm\gtx</Filter>
    </ClInclude>
    <ClInclude Include="..\third-party\glm\gtx\dual_quaternion.hpp">
      <Filter>third-party\glm\gtx</Filter>
    </ClInclude>
    <ClInclude Include="..\third-party\glm\gtx\easing.hpp">
      <Filter>third-party\glm\gtx</Filter>
    </ClInclude>
    <ClInclude Include="..\third-party\glm\gtx\euler_angles.hpp">
      <Filter>third-party\glm\gtx</Filter>
    </ClInclude>
    <ClInclude Include="..\third-party\glm\gtx\extend.hpp">
      <Filter>third-party\glm\gtx</Filter>
    </ClInclude>
    <ClInclude Include="..\third-party\glm\gtx\extended_min_max.hpp">
      <Filter>third-party\glm\gtx</Filter>
    </ClInclude>
    <ClInclude Include="..\third-party\glm\gtx\exterior_product.hpp">
      <Filter>third-party\glm\gtx</Filter>
    </ClInclude>
    <ClInclude Include="..\third-party\glm\gtx\fast_exponential.hpp">
      <Filter>third-party\glm\gtx</Filter>
    </ClInclude>
    <ClInclude Include="..\third-party\glm\gtx\fast_square_root.hpp">
      <Filter>third-party\glm\gtx</Filter>
    </ClInclude>
    <ClInclude Include="..\third-party\glm\gtx\fast_trigonometry.hpp">
      <Filter>third-party\glm\gtx</Filter>
    </ClInclude>
    <ClInclude Include="..\third-party\glm\gtx\functions.hpp">
      <Filter>third-party\glm\gtx</Filter>
    </ClInclude>
    <ClInclude Include="..\third-party\glm\gtx\gradient_paint.hpp">
      <Filter>third-party\glm\gtx</Filter>
    </ClInclude>
    <ClInclude Include="..\third-party\glm\gtx\handed_coordinate_space.hpp">
      <Filter>third-party\glm\gtx</Filter>
    </ClInclude>
    <ClInclude Include="..\third-party\glm\gtx\hash.hpp">
      <Filter>third-party\glm\gtx</Filter>
    </ClInclude>
    <ClInclude Include="..\third-party\glm\gtx\integer.hpp">
      <Filter>third-party\glm\gtx</Filter>
    </ClInclude>
    <ClInclude Include="..\third-party\glm\gtx\intersect.hpp">
      <Filter>third-party\glm\gtx</Filter>
    </ClInclude>
    <ClInclude Include="..\third-party\glm\gtx\io.hpp">
      <Filter>third-party\glm\gtx</Filter>
    </ClInclude>
    <ClInclude Include="..\third-party\glm\gtx\log_base.hpp">
      <Filter>third-party\glm\gtx</Filter>
    </ClInclude>
    <ClInclude Include="..\third-party\glm\gtx\matrix_cross_product.hpp">
      <Filter>third-party\glm\gtx</Filter>
    </ClInclude>
    <ClInclude Include="..\third-party\glm\gtx\matrix_decompose.hpp">
      <Filter>third-party\glm\gtx</Filter>
    </ClInclude>
    <ClInclude Include="..\third-party\glm\gtx\matrix_factorisation.hpp">
      <Filter>third-party\glm\gtx</Filter>
    </ClInclude>
    <ClInclude Include="..\third-party\glm\gtx\matrix_interpolation.hpp">
      <Filter>third-party\glm\gtx</Filter>
    </ClInclude>
    <ClInclude Include="..\third-party\glm\gtx\matrix_major_storage.hpp">
      <Filter>third-party\glm\gtx</Filter>
    </ClInclude>
    <ClInclude Include="..\third-party\glm\gtx\matrix_operation.hpp">
      <Filter>third-party\glm\gtx</Filter>
    </ClInclude>
    <ClInclude Include="..\third-party\glm\gtx\matrix_query.hpp">
      <Filter>third-party\glm\gtx</Filter>
    </ClInclude>
    <ClInclude Include="..\third-party\glm\gtx\matrix_transform_2d.hpp">
      <Filter>third-party\glm\gtx</Filter>
    </ClInclude>
    <ClInclude Include="..\third-party\glm\gtx\mixed_product.hpp">
      <Filter>third-party\glm\gtx</Filter>
    </ClInclude>
    <ClInclude Include="..\third-party\glm\gtx\norm.hpp">
      <Filter>third-party\glm\gtx</Filter>
    </ClInclude>
    <ClInclude Include="..\third-party\glm\gtx\normal.hpp">
      <Filter>third-party\glm\gtx</Filter>
    </ClInclude>
    <ClInclude Include="..\third-party\glm\gtx\normalize_dot.hpp">
      <Filter>third-party\glm\gtx</Filter>
    </ClInclude>
    <ClInclude Include="..\third-party\glm\gtx\number_precision.hpp">
      <Filter>third-party\glm\gtx</Filter>
    </ClInclude>
    <ClInclude Include="..\third-party\glm\gtx\optimum_pow.hpp">
      <Filter>third-party\glm\gtx</Filter>
    </ClInclude>
    <ClInclude Include="..\third-party\glm\gtx\orthonormalize.hpp">
      <Filter>third-party\glm\gtx</Filter>
    </ClInclude>
    <ClInclude Include="..\third-party\glm\gtx\perpendicular.hpp">
      <Filter>third-party\glm\gtx</Filter>
    </ClInclude>
    <ClInclude Include="..\third-party\glm\gtx\polar_coordinates.hpp">
      <Filter>third-party\glm\gtx</Filter>
    </ClInclude>
    <ClInclude Include="..\third-party\glm\gtx\projection.hpp">
      <Filter>third-party\glm\gtx</Filter>
    </ClInclude>
    <ClInclude Include="..\third-party\glm\gtx\quaternion.hpp">
      <Filter>third-party\glm\gtx</Filter>
    </ClInclude>
    <ClInclude Include="..\third-party\glm\gtx\range.hpp">
      <Filter>third-party\glm\gtx</Filter>
    </ClInclude>
    <ClInclude Include="..\third-party\glm\gtx\raw_data.hpp">
      <Filter>third-party\glm\gtx</Filter>
    </ClInclude>
    <ClInclude Include="..\third-party\glm\gtx\rotate_normalized_axis.hpp">
      <Filter>third-party\glm\gtx</Filter>
    </ClInclude>
    <ClInclude Include="..\third-party\glm\gtx\rotate_vector.hpp">
      <Filter>third-party\glm\gtx</Filter>
    </ClInclude>
    <ClInclude Include="..\third-party\glm\gtx\scalar_multiplication.hpp">
      <Filter>third-party\glm\gtx</Filter>
    </ClInclude>
    <ClInclude Include="..\third-party\glm\gtx\scalar_relational.hpp">
      <Filter>third-party\glm\gtx</Filter>
    </ClInclude>
    <ClInclude Include="..\third-party\glm\gtx\spline.hpp">
      <Filter>third-party\glm\gtx</Filter>
    </ClInclude>
    <ClInclude Include="..\third-party\glm\gtx\std_based_type.hpp">
      <Filter>third-party\glm\gtx</Filter>
    </ClInclude>
    <ClInclude Include="..\third-party\glm\gtx\string_cast.hpp">
      <Filter>third-party\glm\gtx</Filter>
    </ClInclude>
    <ClInclude Include="..\third-party\glm\gtx\texture.hpp">
      <Filter>third-party\glm\gtx</Filter>
    </ClInclude>
    <ClInclude Include="..\third-party\glm\gtx\transform.hpp">
      <Filter>third-party\glm\gtx</Filter>
    </ClInclude>
    <ClInclude Include="..\third-party\glm\gtx\transform2.hpp">
      <Filter>third-party\glm\gtx</Filter>
    </ClInclude>
    <ClInclude Include="..\third-party\glm\gtx\type_aligned.hpp">
      <Filter>third-party\glm\gtx</Filter>
    </ClInclude>
    <ClInclude Include="..\third-party\glm\gtx\type_trait.hpp">
      <Filter>third-party\glm\gtx</Filter>
    </ClInclude>
    <ClInclude Include="..\third-party\glm\gtx\vec_swizzle.hpp">
      <Filter>third-party\glm\gtx</Filter>
    </ClInclude>
    <ClInclude Include="..\third-party\glm\gtx\vector_angle.hpp">
      <Filter>third-party\glm\gtx</Filter>
    </ClInclude>
    <ClInclude Include="..\third-party\glm\gtx\vector_query.hpp">
      <Filter>third-party\glm\gtx</Filter>
    </ClInclude>
    <ClInclude Include="..\third-party\glm\gtx\wrap.hpp">
      <Filter>third-party\glm\gtx</Filter>
    </ClInclude>
    <ClInclude Include="..\third-party\glm\simd\common.h">
      <Filter>third-party\glm\simd</Filter>
    </ClInclude>
    <ClInclude Include="..\third-party\glm\simd\exponential.h">
      <Filter>third-party\glm\simd</Filter>
    </ClInclude>
    <ClInclude Include="..\third-party\glm\simd\geometric.h">
      <Filter>third-party\glm\simd</Filter>
    </ClInclude>
    <ClInclude Include="..\third-party\glm\simd\integer.h">
      <Filter>third-party\glm\simd</Filter>
    </ClInclude>
    <ClInclude Include="..\third-party\glm\simd\matrix.h">
      <Filter>third-party\glm\simd</Filter>
    </ClInclude>
    <ClInclude Include="..\third-party\glm\simd\neon.h">
      <Filter>third-party\glm\simd</Filter>
    </ClInclude>
    <ClInclude Include="..\third-party\glm\simd\packing.h">
      <Filter>third-party\glm\simd</Filter>
    </ClInclude>
    <ClInclude Include="..\third-party\glm\simd\platform.h">
      <Filter>third-party\glm\simd</Filter>
    </ClInclude>
    <ClInclude Include="..\third-party\glm\simd\trigonometric.h">
      <Filter>third-party\glm\simd</Filter>
    </ClInclude>
    <ClInclude Include="..\third-party\glm\simd\vector_relational.h">
      <Filter>third-party\glm\simd</Filter>
    </ClInclude>
    <ClInclude Include="..\include\icore\lib\libIO\console\redirection.h">
      <Filter>include\icore\lib\libIO\console</Filter>
    </ClInclude>
    <ClInclude Include="..\include\icore\lib\libIO\file\shelllinkfile.h">
      <Filter>include\icore\lib\libIO\file</Filter>
    </ClInclude>
    <ClInclude Include="..\include\icore\type\version.hpp">
      <Filter>include\icore\type</Filter>
    </ClInclude>
    <ClInclude Include="..\include\icore\type\library.hpp">
      <Filter>include\icore\type</Filter>
    </ClInclude>
    <ClInclude Include="..\..\ichEdiPLoader\LiteLoaderBDS\LiteLoader\Header\LLAPI.h">
      <Filter>build</Filter>
    </ClInclude>
  </ItemGroup>
  <ItemGroup>
    <None Include="cpp.hint" />
    <None Include="..\include\mcppstd\thread">
      <Filter>include\mcppstd</Filter>
    </None>
    <None Include="..\third-party\glm\detail\func_common.inl">
      <Filter>third-party\glm\detail</Filter>
    </None>
    <None Include="..\third-party\glm\detail\func_common_simd.inl">
      <Filter>third-party\glm\detail</Filter>
    </None>
    <None Include="..\third-party\glm\detail\func_exponential.inl">
      <Filter>third-party\glm\detail</Filter>
    </None>
    <None Include="..\third-party\glm\detail\func_exponential_simd.inl">
      <Filter>third-party\glm\detail</Filter>
    </None>
    <None Include="..\third-party\glm\detail\func_geometric.inl">
      <Filter>third-party\glm\detail</Filter>
    </None>
    <None Include="..\third-party\glm\detail\func_geometric_simd.inl">
      <Filter>third-party\glm\detail</Filter>
    </None>
    <None Include="..\third-party\glm\detail\func_integer.inl">
      <Filter>third-party\glm\detail</Filter>
    </None>
    <None Include="..\third-party\glm\detail\func_integer_simd.inl">
      <Filter>third-party\glm\detail</Filter>
    </None>
    <None Include="..\third-party\glm\detail\func_matrix.inl">
      <Filter>third-party\glm\detail</Filter>
    </None>
    <None Include="..\third-party\glm\detail\func_matrix_simd.inl">
      <Filter>third-party\glm\detail</Filter>
    </None>
    <None Include="..\third-party\glm\detail\func_packing.inl">
      <Filter>third-party\glm\detail</Filter>
    </None>
    <None Include="..\third-party\glm\detail\func_packing_simd.inl">
      <Filter>third-party\glm\detail</Filter>
    </None>
    <None Include="..\third-party\glm\detail\func_trigonometric.inl">
      <Filter>third-party\glm\detail</Filter>
    </None>
    <None Include="..\third-party\glm\detail\func_trigonometric_simd.inl">
      <Filter>third-party\glm\detail</Filter>
    </None>
    <None Include="..\third-party\glm\detail\func_vector_relational.inl">
      <Filter>third-party\glm\detail</Filter>
    </None>
    <None Include="..\third-party\glm\detail\func_vector_relational_simd.inl">
      <Filter>third-party\glm\detail</Filter>
    </None>
    <None Include="..\third-party\glm\detail\type_half.inl">
      <Filter>third-party\glm\detail</Filter>
    </None>
    <None Include="..\third-party\glm\detail\type_mat2x2.inl">
      <Filter>third-party\glm\detail</Filter>
    </None>
    <None Include="..\third-party\glm\detail\type_mat2x3.inl">
      <Filter>third-party\glm\detail</Filter>
    </None>
    <None Include="..\third-party\glm\detail\type_mat2x4.inl">
      <Filter>third-party\glm\detail</Filter>
    </None>
    <None Include="..\third-party\glm\detail\type_mat3x2.inl">
      <Filter>third-party\glm\detail</Filter>
    </None>
    <None Include="..\third-party\glm\detail\type_mat3x3.inl">
      <Filter>third-party\glm\detail</Filter>
    </None>
    <None Include="..\third-party\glm\detail\type_mat3x4.inl">
      <Filter>third-party\glm\detail</Filter>
    </None>
    <None Include="..\third-party\glm\detail\type_mat4x2.inl">
      <Filter>third-party\glm\detail</Filter>
    </None>
    <None Include="..\third-party\glm\detail\type_mat4x3.inl">
      <Filter>third-party\glm\detail</Filter>
    </None>
    <None Include="..\third-party\glm\detail\type_mat4x4.inl">
      <Filter>third-party\glm\detail</Filter>
    </None>
    <None Include="..\third-party\glm\detail\type_mat4x4_simd.inl">
      <Filter>third-party\glm\detail</Filter>
    </None>
    <None Include="..\third-party\glm\detail\type_quat.inl">
      <Filter>third-party\glm\detail</Filter>
    </None>
    <None Include="..\third-party\glm\detail\type_quat_simd.inl">
      <Filter>third-party\glm\detail</Filter>
    </None>
    <None Include="..\third-party\glm\detail\type_vec1.inl">
      <Filter>third-party\glm\detail</Filter>
    </None>
    <None Include="..\third-party\glm\detail\type_vec2.inl">
      <Filter>third-party\glm\detail</Filter>
    </None>
    <None Include="..\third-party\glm\detail\type_vec3.inl">
      <Filter>third-party\glm\detail</Filter>
    </None>
    <None Include="..\third-party\glm\detail\type_vec4.inl">
      <Filter>third-party\glm\detail</Filter>
    </None>
    <None Include="..\third-party\glm\detail\type_vec4_simd.inl">
      <Filter>third-party\glm\detail</Filter>
    </None>
    <None Include="..\third-party\glm\ext\matrix_clip_space.inl">
      <Filter>third-party\glm\ext</Filter>
    </None>
    <None Include="..\third-party\glm\ext\matrix_common.inl">
      <Filter>third-party\glm\ext</Filter>
    </None>
    <None Include="..\third-party\glm\ext\matrix_projection.inl">
      <Filter>third-party\glm\ext</Filter>
    </None>
    <None Include="..\third-party\glm\ext\matrix_relational.inl">
      <Filter>third-party\glm\ext</Filter>
    </None>
    <None Include="..\third-party\glm\ext\matrix_transform.inl">
      <Filter>third-party\glm\ext</Filter>
    </None>
    <None Include="..\third-party\glm\ext\quaternion_common.inl">
      <Filter>third-party\glm\ext</Filter>
    </None>
    <None Include="..\third-party\glm\ext\quaternion_common_simd.inl">
      <Filter>third-party\glm\ext</Filter>
    </None>
    <None Include="..\third-party\glm\ext\quaternion_exponential.inl">
      <Filter>third-party\glm\ext</Filter>
    </None>
    <None Include="..\third-party\glm\ext\quaternion_geometric.inl">
      <Filter>third-party\glm\ext</Filter>
    </None>
    <None Include="..\third-party\glm\ext\quaternion_relational.inl">
      <Filter>third-party\glm\ext</Filter>
    </None>
    <None Include="..\third-party\glm\ext\quaternion_transform.inl">
      <Filter>third-party\glm\ext</Filter>
    </None>
    <None Include="..\third-party\glm\ext\quaternion_trigonometric.inl">
      <Filter>third-party\glm\ext</Filter>
    </None>
    <None Include="..\third-party\glm\ext\scalar_common.inl">
      <Filter>third-party\glm\ext</Filter>
    </None>
    <None Include="..\third-party\glm\ext\scalar_constants.inl">
      <Filter>third-party\glm\ext</Filter>
    </None>
    <None Include="..\third-party\glm\ext\scalar_integer.inl">
      <Filter>third-party\glm\ext</Filter>
    </None>
    <None Include="..\third-party\glm\ext\scalar_packing.inl">
      <Filter>third-party\glm\ext</Filter>
    </None>
    <None Include="..\third-party\glm\ext\scalar_relational.inl">
      <Filter>third-party\glm\ext</Filter>
    </None>
    <None Include="..\third-party\glm\ext\scalar_ulp.inl">
      <Filter>third-party\glm\ext</Filter>
    </None>
    <None Include="..\third-party\glm\ext\vector_common.inl">
      <Filter>third-party\glm\ext</Filter>
    </None>
    <None Include="..\third-party\glm\ext\vector_integer.inl">
      <Filter>third-party\glm\ext</Filter>
    </None>
    <None Include="..\third-party\glm\ext\vector_packing.inl">
      <Filter>third-party\glm\ext</Filter>
    </None>
    <None Include="..\third-party\glm\ext\vector_relational.inl">
      <Filter>third-party\glm\ext</Filter>
    </None>
    <None Include="..\third-party\glm\ext\vector_ulp.inl">
      <Filter>third-party\glm\ext</Filter>
    </None>
    <None Include="..\third-party\glm\gtc\bitfield.inl">
      <Filter>third-party\glm\gtc</Filter>
    </None>
    <None Include="..\third-party\glm\gtc\color_space.inl">
      <Filter>third-party\glm\gtc</Filter>
    </None>
    <None Include="..\third-party\glm\gtc\constants.inl">
      <Filter>third-party\glm\gtc</Filter>
    </None>
    <None Include="..\third-party\glm\gtc\epsilon.inl">
      <Filter>third-party\glm\gtc</Filter>
    </None>
    <None Include="..\third-party\glm\gtc\integer.inl">
      <Filter>third-party\glm\gtc</Filter>
    </None>
    <None Include="..\third-party\glm\gtc\matrix_access.inl">
      <Filter>third-party\glm\gtc</Filter>
    </None>
    <None Include="..\third-party\glm\gtc\matrix_inverse.inl">
      <Filter>third-party\glm\gtc</Filter>
    </None>
    <None Include="..\third-party\glm\gtc\matrix_transform.inl">
      <Filter>third-party\glm\gtc</Filter>
    </None>
    <None Include="..\third-party\glm\gtc\noise.inl">
      <Filter>third-party\glm\gtc</Filter>
    </None>
    <None Include="..\third-party\glm\gtc\packing.inl">
      <Filter>third-party\glm\gtc</Filter>
    </None>
    <None Include="..\third-party\glm\gtc\quaternion.inl">
      <Filter>third-party\glm\gtc</Filter>
    </None>
    <None Include="..\third-party\glm\gtc\quaternion_simd.inl">
      <Filter>third-party\glm\gtc</Filter>
    </None>
    <None Include="..\third-party\glm\gtc\random.inl">
      <Filter>third-party\glm\gtc</Filter>
    </None>
    <None Include="..\third-party\glm\gtc\reciprocal.inl">
      <Filter>third-party\glm\gtc</Filter>
    </None>
    <None Include="..\third-party\glm\gtc\round.inl">
      <Filter>third-party\glm\gtc</Filter>
    </None>
    <None Include="..\third-party\glm\gtc\type_precision.inl">
      <Filter>third-party\glm\gtc</Filter>
    </None>
    <None Include="..\third-party\glm\gtc\type_ptr.inl">
      <Filter>third-party\glm\gtc</Filter>
    </None>
    <None Include="..\third-party\glm\gtc\ulp.inl">
      <Filter>third-party\glm\gtc</Filter>
    </None>
    <None Include="..\third-party\glm\gtx\associated_min_max.inl">
      <Filter>third-party\glm\gtx</Filter>
    </None>
    <None Include="..\third-party\glm\gtx\bit.inl">
      <Filter>third-party\glm\gtx</Filter>
    </None>
    <None Include="..\third-party\glm\gtx\closest_point.inl">
      <Filter>third-party\glm\gtx</Filter>
    </None>
    <None Include="..\third-party\glm\gtx\color_encoding.inl">
      <Filter>third-party\glm\gtx</Filter>
    </None>
    <None Include="..\third-party\glm\gtx\color_space.inl">
      <Filter>third-party\glm\gtx</Filter>
    </None>
    <None Include="..\third-party\glm\gtx\color_space_YCoCg.inl">
      <Filter>third-party\glm\gtx</Filter>
    </None>
    <None Include="..\third-party\glm\gtx\common.inl">
      <Filter>third-party\glm\gtx</Filter>
    </None>
    <None Include="..\third-party\glm\gtx\compatibility.inl">
      <Filter>third-party\glm\gtx</Filter>
    </None>
    <None Include="..\third-party\glm\gtx\component_wise.inl">
      <Filter>third-party\glm\gtx</Filter>
    </None>
    <None Include="..\third-party\glm\gtx\dual_quaternion.inl">
      <Filter>third-party\glm\gtx</Filter>
    </None>
    <None Include="..\third-party\glm\gtx\easing.inl">
      <Filter>third-party\glm\gtx</Filter>
    </None>
    <None Include="..\third-party\glm\gtx\euler_angles.inl">
      <Filter>third-party\glm\gtx</Filter>
    </None>
    <None Include="..\third-party\glm\gtx\extend.inl">
      <Filter>third-party\glm\gtx</Filter>
    </None>
    <None Include="..\third-party\glm\gtx\extended_min_max.inl">
      <Filter>third-party\glm\gtx</Filter>
    </None>
    <None Include="..\third-party\glm\gtx\exterior_product.inl">
      <Filter>third-party\glm\gtx</Filter>
    </None>
    <None Include="..\third-party\glm\gtx\fast_exponential.inl">
      <Filter>third-party\glm\gtx</Filter>
    </None>
    <None Include="..\third-party\glm\gtx\fast_square_root.inl">
      <Filter>third-party\glm\gtx</Filter>
    </None>
    <None Include="..\third-party\glm\gtx\fast_trigonometry.inl">
      <Filter>third-party\glm\gtx</Filter>
    </None>
    <None Include="..\third-party\glm\gtx\float_notmalize.inl">
      <Filter>third-party\glm\gtx</Filter>
    </None>
    <None Include="..\third-party\glm\gtx\functions.inl">
      <Filter>third-party\glm\gtx</Filter>
    </None>
    <None Include="..\third-party\glm\gtx\gradient_paint.inl">
      <Filter>third-party\glm\gtx</Filter>
    </None>
    <None Include="..\third-party\glm\gtx\handed_coordinate_space.inl">
      <Filter>third-party\glm\gtx</Filter>
    </None>
    <None Include="..\third-party\glm\gtx\hash.inl">
      <Filter>third-party\glm\gtx</Filter>
    </None>
    <None Include="..\third-party\glm\gtx\integer.inl">
      <Filter>third-party\glm\gtx</Filter>
    </None>
    <None Include="..\third-party\glm\gtx\intersect.inl">
      <Filter>third-party\glm\gtx</Filter>
    </None>
    <None Include="..\third-party\glm\gtx\io.inl">
      <Filter>third-party\glm\gtx</Filter>
    </None>
    <None Include="..\third-party\glm\gtx\log_base.inl">
      <Filter>third-party\glm\gtx</Filter>
    </None>
    <None Include="..\third-party\glm\gtx\matrix_cross_product.inl">
      <Filter>third-party\glm\gtx</Filter>
    </None>
    <None Include="..\third-party\glm\gtx\matrix_decompose.inl">
      <Filter>third-party\glm\gtx</Filter>
    </None>
    <None Include="..\third-party\glm\gtx\matrix_factorisation.inl">
      <Filter>third-party\glm\gtx</Filter>
    </None>
    <None Include="..\third-party\glm\gtx\matrix_interpolation.inl">
      <Filter>third-party\glm\gtx</Filter>
    </None>
    <None Include="..\third-party\glm\gtx\matrix_major_storage.inl">
      <Filter>third-party\glm\gtx</Filter>
    </None>
    <None Include="..\third-party\glm\gtx\matrix_operation.inl">
      <Filter>third-party\glm\gtx</Filter>
    </None>
    <None Include="..\third-party\glm\gtx\matrix_query.inl">
      <Filter>third-party\glm\gtx</Filter>
    </None>
    <None Include="..\third-party\glm\gtx\matrix_transform_2d.inl">
      <Filter>third-party\glm\gtx</Filter>
    </None>
    <None Include="..\third-party\glm\gtx\mixed_product.inl">
      <Filter>third-party\glm\gtx</Filter>
    </None>
    <None Include="..\third-party\glm\gtx\norm.inl">
      <Filter>third-party\glm\gtx</Filter>
    </None>
    <None Include="..\third-party\glm\gtx\normal.inl">
      <Filter>third-party\glm\gtx</Filter>
    </None>
    <None Include="..\third-party\glm\gtx\normalize_dot.inl">
      <Filter>third-party\glm\gtx</Filter>
    </None>
    <None Include="..\third-party\glm\gtx\number_precision.inl">
      <Filter>third-party\glm\gtx</Filter>
    </None>
    <None Include="..\third-party\glm\gtx\optimum_pow.inl">
      <Filter>third-party\glm\gtx</Filter>
    </None>
    <None Include="..\third-party\glm\gtx\orthonormalize.inl">
      <Filter>third-party\glm\gtx</Filter>
    </None>
    <None Include="..\third-party\glm\gtx\perpendicular.inl">
      <Filter>third-party\glm\gtx</Filter>
    </None>
    <None Include="..\third-party\glm\gtx\polar_coordinates.inl">
      <Filter>third-party\glm\gtx</Filter>
    </None>
    <None Include="..\third-party\glm\gtx\projection.inl">
      <Filter>third-party\glm\gtx</Filter>
    </None>
    <None Include="..\third-party\glm\gtx\quaternion.inl">
      <Filter>third-party\glm\gtx</Filter>
    </None>
    <None Include="..\third-party\glm\gtx\raw_data.inl">
      <Filter>third-party\glm\gtx</Filter>
    </None>
    <None Include="..\third-party\glm\gtx\rotate_normalized_axis.inl">
      <Filter>third-party\glm\gtx</Filter>
    </None>
    <None Include="..\third-party\glm\gtx\rotate_vector.inl">
      <Filter>third-party\glm\gtx</Filter>
    </None>
    <None Include="..\third-party\glm\gtx\scalar_relational.inl">
      <Filter>third-party\glm\gtx</Filter>
    </None>
    <None Include="..\third-party\glm\gtx\spline.inl">
      <Filter>third-party\glm\gtx</Filter>
    </None>
    <None Include="..\third-party\glm\gtx\std_based_type.inl">
      <Filter>third-party\glm\gtx</Filter>
    </None>
    <None Include="..\third-party\glm\gtx\string_cast.inl">
      <Filter>third-party\glm\gtx</Filter>
    </None>
    <None Include="..\third-party\glm\gtx\texture.inl">
      <Filter>third-party\glm\gtx</Filter>
    </None>
    <None Include="..\third-party\glm\gtx\transform.inl">
      <Filter>third-party\glm\gtx</Filter>
    </None>
    <None Include="..\third-party\glm\gtx\transform2.inl">
      <Filter>third-party\glm\gtx</Filter>
    </None>
    <None Include="..\third-party\glm\gtx\type_aligned.inl">
      <Filter>third-party\glm\gtx</Filter>
    </None>
    <None Include="..\third-party\glm\gtx\type_trait.inl">
      <Filter>third-party\glm\gtx</Filter>
    </None>
    <None Include="..\third-party\glm\gtx\vector_angle.inl">
      <Filter>third-party\glm\gtx</Filter>
    </None>
    <None Include="..\third-party\glm\gtx\vector_query.inl">
      <Filter>third-party\glm\gtx</Filter>
    </None>
    <None Include="..\third-party\glm\gtx\wrap.inl">
      <Filter>third-party\glm\gtx</Filter>
    </None>
    <None Include="..\README.md">
      <Filter>readme</Filter>
    </None>
    <None Include="..\README_en.md">
      <Filter>readme</Filter>
    </None>
    <None Include="..\README_i_il.md">
      <Filter>readme</Filter>
    </None>
    <None Include="..\README_i_innovation.md">
      <Filter>readme</Filter>
    </None>
    <None Include="..\README_qq.md">
      <Filter>readme</Filter>
    </None>
  </ItemGroup>
  <ItemGroup>
    <Library Include="..\third-party\detours\lib\detours.lib">
      <Filter>third-party\detours\lib</Filter>
    </Library>
    <Library Include="..\third-party\detours\lib\syelog.lib">
      <Filter>third-party\detours\lib</Filter>
    </Library>
  </ItemGroup>
  <ItemGroup>
    <ResourceCompile Include="ibasicLibrary.rc">
      <Filter>resource</Filter>
    </ResourceCompile>
  </ItemGroup>
</Project>